// !$*UTF8*$!
{
	archiveVersion = 1;
	classes = {
	};
	objectVersion = 50;
	objects = {

/* Begin PBXBuildFile section */
		983AADF3271EA1C100D19C2E /* AppDelegate.m in Sources */ = {isa = PBXBuildFile; fileRef = 983AADF2271EA1C100D19C2E /* AppDelegate.m */; };
		983AADF9271EA1C100D19C2E /* ViewController.m in Sources */ = {isa = PBXBuildFile; fileRef = 983AADF8271EA1C100D19C2E /* ViewController.m */; };
		983AADFE271EA1C400D19C2E /* Assets.xcassets in Resources */ = {isa = PBXBuildFile; fileRef = 983AADFD271EA1C400D19C2E /* Assets.xcassets */; };
		983AAE01271EA1C400D19C2E /* LaunchScreen.storyboard in Resources */ = {isa = PBXBuildFile; fileRef = 983AADFF271EA1C400D19C2E /* LaunchScreen.storyboard */; };
		983AAE04271EA1C400D19C2E /* main.m in Sources */ = {isa = PBXBuildFile; fileRef = 983AAE03271EA1C400D19C2E /* main.m */; };
		983AAE10271EBB3000D19C2E /* GFNavigationBar.m in Sources */ = {isa = PBXBuildFile; fileRef = 983AAE0F271EBB3000D19C2E /* GFNavigationBar.m */; };
		983AAE13271EBDB600D19C2E /* GFNavController.m in Sources */ = {isa = PBXBuildFile; fileRef = 983AAE12271EBDB600D19C2E /* GFNavController.m */; };
		983AAE28271EC39C00D19C2E /* NLCacheUnit.m in Sources */ = {isa = PBXBuildFile; fileRef = 983AAE17271EC39C00D19C2E /* NLCacheUnit.m */; };
		983AAE29271EC39C00D19C2E /* NLCacheArgument.m in Sources */ = {isa = PBXBuildFile; fileRef = 983AAE19271EC39C00D19C2E /* NLCacheArgument.m */; };
		983AAE2A271EC39C00D19C2E /* NSString+NLAddition.m in Sources */ = {isa = PBXBuildFile; fileRef = 983AAE1B271EC39C00D19C2E /* NSString+NLAddition.m */; };
		983AAE2B271EC39C00D19C2E /* NLResultUnit.m in Sources */ = {isa = PBXBuildFile; fileRef = 983AAE20271EC39C00D19C2E /* NLResultUnit.m */; };
		983AAE2C271EC39C00D19C2E /* NLHttpSessionCacheUnit.m in Sources */ = {isa = PBXBuildFile; fileRef = 983AAE21271EC39C00D19C2E /* NLHttpSessionCacheUnit.m */; };
		983AAE2D271EC39C00D19C2E /* NLMultipartFormArgument.m in Sources */ = {isa = PBXBuildFile; fileRef = 983AAE24271EC39C00D19C2E /* NLMultipartFormArgument.m */; };
		983AAE2E271EC39C00D19C2E /* NLHttpSessionUnit.m in Sources */ = {isa = PBXBuildFile; fileRef = 983AAE25271EC39C00D19C2E /* NLHttpSessionUnit.m */; };
		983AAE36271ECC7300D19C2E /* NWResult.m in Sources */ = {isa = PBXBuildFile; fileRef = 983AAE30271ECC7300D19C2E /* NWResult.m */; };
		983AAE37271ECC7300D19C2E /* MWJSONResponseSerializer.m in Sources */ = {isa = PBXBuildFile; fileRef = 983AAE33271ECC7300D19C2E /* MWJSONResponseSerializer.m */; };
		983AAE38271ECC7300D19C2E /* NWOperationManager.m in Sources */ = {isa = PBXBuildFile; fileRef = 983AAE35271ECC7300D19C2E /* NWOperationManager.m */; };
		983AAE3E271ED2F800D19C2E /* MWDataUnit.m in Sources */ = {isa = PBXBuildFile; fileRef = 983AAE3C271ED2F800D19C2E /* MWDataUnit.m */; };
		983AAE3F271ED2F800D19C2E /* DataReqHelper.m in Sources */ = {isa = PBXBuildFile; fileRef = 983AAE3D271ED2F800D19C2E /* DataReqHelper.m */; };
		983AAE43271ED34800D19C2E /* NSString+Category.m in Sources */ = {isa = PBXBuildFile; fileRef = 983AAE42271ED34700D19C2E /* NSString+Category.m */; };
		983AAE47271ED37300D19C2E /* MWKeychain.m in Sources */ = {isa = PBXBuildFile; fileRef = 983AAE45271ED37300D19C2E /* MWKeychain.m */; };
		BF641206763FAB28691E4DB7 /* libPods-gamefiIOS.a in Frameworks */ = {isa = PBXBuildFile; fileRef = D02ED1E99B717E3630346099 /* libPods-gamefiIOS.a */; };
/* End PBXBuildFile section */

/* Begin PBXFileReference section */
		2AC4DFDE2DE11A6D18811935 /* Pods-gamefiIOS.debug.xcconfig */ = {isa = PBXFileReference; includeInIndex = 1; lastKnownFileType = text.xcconfig; name = "Pods-gamefiIOS.debug.xcconfig"; path = "Target Support Files/Pods-gamefiIOS/Pods-gamefiIOS.debug.xcconfig"; sourceTree = "<group>"; };
		4D8F5AAC799C28A09887D628 /* Pods-gamefiIOS.release.xcconfig */ = {isa = PBXFileReference; includeInIndex = 1; lastKnownFileType = text.xcconfig; name = "Pods-gamefiIOS.release.xcconfig"; path = "Target Support Files/Pods-gamefiIOS/Pods-gamefiIOS.release.xcconfig"; sourceTree = "<group>"; };
		983AADEE271EA1C100D19C2E /* gamefiIOS.app */ = {isa = PBXFileReference; explicitFileType = wrapper.application; includeInIndex = 0; path = gamefiIOS.app; sourceTree = BUILT_PRODUCTS_DIR; };
		983AADF1271EA1C100D19C2E /* AppDelegate.h */ = {isa = PBXFileReference; lastKnownFileType = sourcecode.c.h; path = AppDelegate.h; sourceTree = "<group>"; };
		983AADF2271EA1C100D19C2E /* AppDelegate.m */ = {isa = PBXFileReference; lastKnownFileType = sourcecode.c.objc; path = AppDelegate.m; sourceTree = "<group>"; };
		983AADF7271EA1C100D19C2E /* ViewController.h */ = {isa = PBXFileReference; lastKnownFileType = sourcecode.c.h; path = ViewController.h; sourceTree = "<group>"; };
		983AADF8271EA1C100D19C2E /* ViewController.m */ = {isa = PBXFileReference; lastKnownFileType = sourcecode.c.objc; path = ViewController.m; sourceTree = "<group>"; };
		983AADFD271EA1C400D19C2E /* Assets.xcassets */ = {isa = PBXFileReference; lastKnownFileType = folder.assetcatalog; path = Assets.xcassets; sourceTree = "<group>"; };
		983AAE00271EA1C400D19C2E /* Base */ = {isa = PBXFileReference; lastKnownFileType = file.storyboard; name = Base; path = Base.lproj/LaunchScreen.storyboard; sourceTree = "<group>"; };
		983AAE02271EA1C400D19C2E /* Info.plist */ = {isa = PBXFileReference; lastKnownFileType = text.plist.xml; path = Info.plist; sourceTree = "<group>"; };
		983AAE03271EA1C400D19C2E /* main.m */ = {isa = PBXFileReference; lastKnownFileType = sourcecode.c.objc; path = main.m; sourceTree = "<group>"; };
		983AAE0E271EBB3000D19C2E /* GFNavigationBar.h */ = {isa = PBXFileReference; lastKnownFileType = sourcecode.c.h; path = GFNavigationBar.h; sourceTree = "<group>"; };
		983AAE0F271EBB3000D19C2E /* GFNavigationBar.m */ = {isa = PBXFileReference; lastKnownFileType = sourcecode.c.objc; path = GFNavigationBar.m; sourceTree = "<group>"; };
		983AAE11271EBDB600D19C2E /* GFNavController.h */ = {isa = PBXFileReference; lastKnownFileType = sourcecode.c.h; path = GFNavController.h; sourceTree = "<group>"; };
		983AAE12271EBDB600D19C2E /* GFNavController.m */ = {isa = PBXFileReference; lastKnownFileType = sourcecode.c.objc; path = GFNavController.m; sourceTree = "<group>"; };
		983AAE16271EC39C00D19C2E /* NLCacheArgument.h */ = {isa = PBXFileReference; fileEncoding = 4; lastKnownFileType = sourcecode.c.h; path = NLCacheArgument.h; sourceTree = "<group>"; };
		983AAE17271EC39C00D19C2E /* NLCacheUnit.m */ = {isa = PBXFileReference; fileEncoding = 4; lastKnownFileType = sourcecode.c.objc; path = NLCacheUnit.m; sourceTree = "<group>"; };
		983AAE18271EC39C00D19C2E /* NLCacheUnit.h */ = {isa = PBXFileReference; fileEncoding = 4; lastKnownFileType = sourcecode.c.h; path = NLCacheUnit.h; sourceTree = "<group>"; };
		983AAE19271EC39C00D19C2E /* NLCacheArgument.m */ = {isa = PBXFileReference; fileEncoding = 4; lastKnownFileType = sourcecode.c.objc; path = NLCacheArgument.m; sourceTree = "<group>"; };
		983AAE1B271EC39C00D19C2E /* NSString+NLAddition.m */ = {isa = PBXFileReference; fileEncoding = 4; lastKnownFileType = sourcecode.c.objc; path = "NSString+NLAddition.m"; sourceTree = "<group>"; };
		983AAE1C271EC39C00D19C2E /* NSString+NLAddition.h */ = {isa = PBXFileReference; fileEncoding = 4; lastKnownFileType = sourcecode.c.h; path = "NSString+NLAddition.h"; sourceTree = "<group>"; };
		983AAE1D271EC39C00D19C2E /* MWHTTPUnit.h */ = {isa = PBXFileReference; fileEncoding = 4; lastKnownFileType = sourcecode.c.h; path = MWHTTPUnit.h; sourceTree = "<group>"; };
		983AAE1F271EC39C00D19C2E /* NLHttpSessionCacheUnit.h */ = {isa = PBXFileReference; fileEncoding = 4; lastKnownFileType = sourcecode.c.h; path = NLHttpSessionCacheUnit.h; sourceTree = "<group>"; };
		983AAE20271EC39C00D19C2E /* NLResultUnit.m */ = {isa = PBXFileReference; fileEncoding = 4; lastKnownFileType = sourcecode.c.objc; path = NLResultUnit.m; sourceTree = "<group>"; };
		983AAE21271EC39C00D19C2E /* NLHttpSessionCacheUnit.m */ = {isa = PBXFileReference; fileEncoding = 4; lastKnownFileType = sourcecode.c.objc; path = NLHttpSessionCacheUnit.m; sourceTree = "<group>"; };
		983AAE22271EC39C00D19C2E /* NLResultUnit.h */ = {isa = PBXFileReference; fileEncoding = 4; lastKnownFileType = sourcecode.c.h; path = NLResultUnit.h; sourceTree = "<group>"; };
		983AAE24271EC39C00D19C2E /* NLMultipartFormArgument.m */ = {isa = PBXFileReference; fileEncoding = 4; lastKnownFileType = sourcecode.c.objc; path = NLMultipartFormArgument.m; sourceTree = "<group>"; };
		983AAE25271EC39C00D19C2E /* NLHttpSessionUnit.m */ = {isa = PBXFileReference; fileEncoding = 4; lastKnownFileType = sourcecode.c.objc; path = NLHttpSessionUnit.m; sourceTree = "<group>"; };
		983AAE26271EC39C00D19C2E /* NLHttpSessionUnit.h */ = {isa = PBXFileReference; fileEncoding = 4; lastKnownFileType = sourcecode.c.h; path = NLHttpSessionUnit.h; sourceTree = "<group>"; };
		983AAE27271EC39C00D19C2E /* NLMultipartFormArgument.h */ = {isa = PBXFileReference; fileEncoding = 4; lastKnownFileType = sourcecode.c.h; path = NLMultipartFormArgument.h; sourceTree = "<group>"; };
		983AAE30271ECC7300D19C2E /* NWResult.m */ = {isa = PBXFileReference; fileEncoding = 4; lastKnownFileType = sourcecode.c.objc; path = NWResult.m; sourceTree = "<group>"; };
		983AAE31271ECC7300D19C2E /* NWResult.h */ = {isa = PBXFileReference; fileEncoding = 4; lastKnownFileType = sourcecode.c.h; path = NWResult.h; sourceTree = "<group>"; };
		983AAE32271ECC7300D19C2E /* NWOperationManager.h */ = {isa = PBXFileReference; fileEncoding = 4; lastKnownFileType = sourcecode.c.h; path = NWOperationManager.h; sourceTree = "<group>"; };
		983AAE33271ECC7300D19C2E /* MWJSONResponseSerializer.m */ = {isa = PBXFileReference; fileEncoding = 4; lastKnownFileType = sourcecode.c.objc; path = MWJSONResponseSerializer.m; sourceTree = "<group>"; };
		983AAE34271ECC7300D19C2E /* MWJSONResponseSerializer.h */ = {isa = PBXFileReference; fileEncoding = 4; lastKnownFileType = sourcecode.c.h; path = MWJSONResponseSerializer.h; sourceTree = "<group>"; };
		983AAE35271ECC7300D19C2E /* NWOperationManager.m */ = {isa = PBXFileReference; fileEncoding = 4; lastKnownFileType = sourcecode.c.objc; path = NWOperationManager.m; sourceTree = "<group>"; };
		983AAE39271ECCF500D19C2E /* MWENum.h */ = {isa = PBXFileReference; lastKnownFileType = sourcecode.c.h; path = MWENum.h; sourceTree = "<group>"; };
		983AAE3A271ED2F800D19C2E /* MWDataUnit.h */ = {isa = PBXFileReference; fileEncoding = 4; lastKnownFileType = sourcecode.c.h; path = MWDataUnit.h; sourceTree = "<group>"; };
		983AAE3B271ED2F800D19C2E /* DataReqHelper.h */ = {isa = PBXFileReference; fileEncoding = 4; lastKnownFileType = sourcecode.c.h; path = DataReqHelper.h; sourceTree = "<group>"; };
		983AAE3C271ED2F800D19C2E /* MWDataUnit.m */ = {isa = PBXFileReference; fileEncoding = 4; lastKnownFileType = sourcecode.c.objc; path = MWDataUnit.m; sourceTree = "<group>"; };
		983AAE3D271ED2F800D19C2E /* DataReqHelper.m */ = {isa = PBXFileReference; fileEncoding = 4; lastKnownFileType = sourcecode.c.objc; path = DataReqHelper.m; sourceTree = "<group>"; };
		983AAE41271ED34700D19C2E /* NSString+Category.h */ = {isa = PBXFileReference; fileEncoding = 4; lastKnownFileType = sourcecode.c.h; path = "NSString+Category.h"; sourceTree = "<group>"; };
		983AAE42271ED34700D19C2E /* NSString+Category.m */ = {isa = PBXFileReference; fileEncoding = 4; lastKnownFileType = sourcecode.c.objc; path = "NSString+Category.m"; sourceTree = "<group>"; };
		983AAE45271ED37300D19C2E /* MWKeychain.m */ = {isa = PBXFileReference; fileEncoding = 4; lastKnownFileType = sourcecode.c.objc; path = MWKeychain.m; sourceTree = "<group>"; };
		983AAE46271ED37300D19C2E /* MWKeychain.h */ = {isa = PBXFileReference; fileEncoding = 4; lastKnownFileType = sourcecode.c.h; path = MWKeychain.h; sourceTree = "<group>"; };
		983AAE48271ED3CB00D19C2E /* Singelton.h */ = {isa = PBXFileReference; lastKnownFileType = sourcecode.c.h; path = Singelton.h; sourceTree = "<group>"; };
		983AAE49271ED42E00D19C2E /* Config.h */ = {isa = PBXFileReference; lastKnownFileType = sourcecode.c.h; path = Config.h; sourceTree = "<group>"; };
		D02ED1E99B717E3630346099 /* libPods-gamefiIOS.a */ = {isa = PBXFileReference; explicitFileType = archive.ar; includeInIndex = 0; path = "libPods-gamefiIOS.a"; sourceTree = BUILT_PRODUCTS_DIR; };
/* End PBXFileReference section */

/* Begin PBXFrameworksBuildPhase section */
		983AADEB271EA1C100D19C2E /* Frameworks */ = {
			isa = PBXFrameworksBuildPhase;
			buildActionMask = 2147483647;
			files = (
				BF641206763FAB28691E4DB7 /* libPods-gamefiIOS.a in Frameworks */,
			);
			runOnlyForDeploymentPostprocessing = 0;
		};
/* End PBXFrameworksBuildPhase section */

/* Begin PBXGroup section */
		364EEA819335784094571414 /* Pods */ = {
			isa = PBXGroup;
			children = (
				2AC4DFDE2DE11A6D18811935 /* Pods-gamefiIOS.debug.xcconfig */,
				4D8F5AAC799C28A09887D628 /* Pods-gamefiIOS.release.xcconfig */,
			);
			path = Pods;
			sourceTree = "<group>";
		};
		5A89EF7A3492A8173354E50A /* Frameworks */ = {
			isa = PBXGroup;
			children = (
				D02ED1E99B717E3630346099 /* libPods-gamefiIOS.a */,
			);
			name = Frameworks;
			sourceTree = "<group>";
		};
		983AADE5271EA1C100D19C2E = {
			isa = PBXGroup;
			children = (
				983AADF0271EA1C100D19C2E /* gamefiIOS */,
				983AADEF271EA1C100D19C2E /* Products */,
				364EEA819335784094571414 /* Pods */,
				5A89EF7A3492A8173354E50A /* Frameworks */,
			);
			sourceTree = "<group>";
		};
		983AADEF271EA1C100D19C2E /* Products */ = {
			isa = PBXGroup;
			children = (
				983AADEE271EA1C100D19C2E /* gamefiIOS.app */,
			);
			name = Products;
			sourceTree = "<group>";
		};
		983AADF0271EA1C100D19C2E /* gamefiIOS */ = {
			isa = PBXGroup;
			children = (
				983AAE49271ED42E00D19C2E /* Config.h */,
				983AAE48271ED3CB00D19C2E /* Singelton.h */,
				983AAE44271ED37300D19C2E /* Keychain */,
				983AAE40271ED33600D19C2E /* Cagetory */,
				983AAE39271ECCF500D19C2E /* MWENum.h */,
				983AAE2F271EC5AE00D19C2E /* HTTPUnit */,
				983AAE0A271EBA9400D19C2E /* General */,
				983AADF1271EA1C100D19C2E /* AppDelegate.h */,
				983AADF2271EA1C100D19C2E /* AppDelegate.m */,
				983AADF7271EA1C100D19C2E /* ViewController.h */,
				983AADF8271EA1C100D19C2E /* ViewController.m */,
				983AADFD271EA1C400D19C2E /* Assets.xcassets */,
				983AADFF271EA1C400D19C2E /* LaunchScreen.storyboard */,
				983AAE02271EA1C400D19C2E /* Info.plist */,
				983AAE03271EA1C400D19C2E /* main.m */,
			);
			path = gamefiIOS;
			sourceTree = "<group>";
		};
		983AAE0A271EBA9400D19C2E /* General */ = {
			isa = PBXGroup;
			children = (
				983AAE0E271EBB3000D19C2E /* GFNavigationBar.h */,
				983AAE0F271EBB3000D19C2E /* GFNavigationBar.m */,
				983AAE11271EBDB600D19C2E /* GFNavController.h */,
				983AAE12271EBDB600D19C2E /* GFNavController.m */,
			);
			path = General;
			sourceTree = "<group>";
		};
		983AAE14271EC39C00D19C2E /* Classes */ = {
			isa = PBXGroup;
			children = (
				983AAE15271EC39C00D19C2E /* CacheUnit */,
				983AAE1A271EC39C00D19C2E /* Extension */,
				983AAE1D271EC39C00D19C2E /* MWHTTPUnit.h */,
				983AAE1E271EC39C00D19C2E /* HTTPCacheUnit */,
				983AAE23271EC39C00D19C2E /* HTTP */,
			);
			path = Classes;
			sourceTree = "<group>";
		};
		983AAE15271EC39C00D19C2E /* CacheUnit */ = {
			isa = PBXGroup;
			children = (
				983AAE16271EC39C00D19C2E /* NLCacheArgument.h */,
				983AAE17271EC39C00D19C2E /* NLCacheUnit.m */,
				983AAE18271EC39C00D19C2E /* NLCacheUnit.h */,
				983AAE19271EC39C00D19C2E /* NLCacheArgument.m */,
			);
			path = CacheUnit;
			sourceTree = "<group>";
		};
		983AAE1A271EC39C00D19C2E /* Extension */ = {
			isa = PBXGroup;
			children = (
				983AAE1B271EC39C00D19C2E /* NSString+NLAddition.m */,
				983AAE1C271EC39C00D19C2E /* NSString+NLAddition.h */,
			);
			path = Extension;
			sourceTree = "<group>";
		};
		983AAE1E271EC39C00D19C2E /* HTTPCacheUnit */ = {
			isa = PBXGroup;
			children = (
				983AAE1F271EC39C00D19C2E /* NLHttpSessionCacheUnit.h */,
				983AAE20271EC39C00D19C2E /* NLResultUnit.m */,
				983AAE21271EC39C00D19C2E /* NLHttpSessionCacheUnit.m */,
				983AAE22271EC39C00D19C2E /* NLResultUnit.h */,
			);
			path = HTTPCacheUnit;
			sourceTree = "<group>";
		};
		983AAE23271EC39C00D19C2E /* HTTP */ = {
			isa = PBXGroup;
			children = (
				983AAE24271EC39C00D19C2E /* NLMultipartFormArgument.m */,
				983AAE25271EC39C00D19C2E /* NLHttpSessionUnit.m */,
				983AAE26271EC39C00D19C2E /* NLHttpSessionUnit.h */,
				983AAE27271EC39C00D19C2E /* NLMultipartFormArgument.h */,
			);
			path = HTTP;
			sourceTree = "<group>";
		};
		983AAE2F271EC5AE00D19C2E /* HTTPUnit */ = {
			isa = PBXGroup;
			children = (
				983AAE34271ECC7300D19C2E /* MWJSONResponseSerializer.h */,
				983AAE33271ECC7300D19C2E /* MWJSONResponseSerializer.m */,
				983AAE32271ECC7300D19C2E /* NWOperationManager.h */,
				983AAE35271ECC7300D19C2E /* NWOperationManager.m */,
				983AAE31271ECC7300D19C2E /* NWResult.h */,
				983AAE30271ECC7300D19C2E /* NWResult.m */,
				983AAE3B271ED2F800D19C2E /* DataReqHelper.h */,
				983AAE3D271ED2F800D19C2E /* DataReqHelper.m */,
				983AAE3A271ED2F800D19C2E /* MWDataUnit.h */,
				983AAE3C271ED2F800D19C2E /* MWDataUnit.m */,
				983AAE14271EC39C00D19C2E /* Classes */,
			);
			path = HTTPUnit;
			sourceTree = "<group>";
		};
		983AAE40271ED33600D19C2E /* Cagetory */ = {
			isa = PBXGroup;
			children = (
				983AAE41271ED34700D19C2E /* NSString+Category.h */,
				983AAE42271ED34700D19C2E /* NSString+Category.m */,
			);
			path = Cagetory;
			sourceTree = "<group>";
		};
		983AAE44271ED37300D19C2E /* Keychain */ = {
			isa = PBXGroup;
			children = (
				983AAE45271ED37300D19C2E /* MWKeychain.m */,
				983AAE46271ED37300D19C2E /* MWKeychain.h */,
			);
			path = Keychain;
			sourceTree = "<group>";
		};
/* End PBXGroup section */

/* Begin PBXNativeTarget section */
		983AADED271EA1C100D19C2E /* gamefiIOS */ = {
			isa = PBXNativeTarget;
			buildConfigurationList = 983AAE07271EA1C400D19C2E /* Build configuration list for PBXNativeTarget "gamefiIOS" */;
			buildPhases = (
				DC00321EDFD534E5D36719C5 /* [CP] Check Pods Manifest.lock */,
				983AADEA271EA1C100D19C2E /* Sources */,
				983AADEB271EA1C100D19C2E /* Frameworks */,
				983AADEC271EA1C100D19C2E /* Resources */,
			);
			buildRules = (
			);
			dependencies = (
			);
			name = gamefiIOS;
			productName = gamefiIOS;
			productReference = 983AADEE271EA1C100D19C2E /* gamefiIOS.app */;
			productType = "com.apple.product-type.application";
		};
/* End PBXNativeTarget section */

/* Begin PBXProject section */
		983AADE6271EA1C100D19C2E /* Project object */ = {
			isa = PBXProject;
			attributes = {
				LastUpgradeCheck = 1250;
				TargetAttributes = {
					983AADED271EA1C100D19C2E = {
						CreatedOnToolsVersion = 12.5.1;
					};
				};
			};
			buildConfigurationList = 983AADE9271EA1C100D19C2E /* Build configuration list for PBXProject "gamefiIOS" */;
			compatibilityVersion = "Xcode 9.3";
			developmentRegion = en;
			hasScannedForEncodings = 0;
			knownRegions = (
				en,
				Base,
			);
			mainGroup = 983AADE5271EA1C100D19C2E;
			productRefGroup = 983AADEF271EA1C100D19C2E /* Products */;
			projectDirPath = "";
			projectRoot = "";
			targets = (
				983AADED271EA1C100D19C2E /* gamefiIOS */,
			);
		};
/* End PBXProject section */

/* Begin PBXResourcesBuildPhase section */
		983AADEC271EA1C100D19C2E /* Resources */ = {
			isa = PBXResourcesBuildPhase;
			buildActionMask = 2147483647;
			files = (
				983AAE01271EA1C400D19C2E /* LaunchScreen.storyboard in Resources */,
				983AADFE271EA1C400D19C2E /* Assets.xcassets in Resources */,
			);
			runOnlyForDeploymentPostprocessing = 0;
		};
/* End PBXResourcesBuildPhase section */

/* Begin PBXShellScriptBuildPhase section */
		DC00321EDFD534E5D36719C5 /* [CP] Check Pods Manifest.lock */ = {
			isa = PBXShellScriptBuildPhase;
			buildActionMask = 2147483647;
			files = (
			);
			inputFileListPaths = (
			);
			inputPaths = (
				"${PODS_PODFILE_DIR_PATH}/Podfile.lock",
				"${PODS_ROOT}/Manifest.lock",
			);
			name = "[CP] Check Pods Manifest.lock";
			outputFileListPaths = (
			);
			outputPaths = (
				"$(DERIVED_FILE_DIR)/Pods-gamefiIOS-checkManifestLockResult.txt",
			);
			runOnlyForDeploymentPostprocessing = 0;
			shellPath = /bin/sh;
			shellScript = "diff \"${PODS_PODFILE_DIR_PATH}/Podfile.lock\" \"${PODS_ROOT}/Manifest.lock\" > /dev/null\nif [ $? != 0 ] ; then\n    # print error to STDERR\n    echo \"error: The sandbox is not in sync with the Podfile.lock. Run 'pod install' or update your CocoaPods installation.\" >&2\n    exit 1\nfi\n# This output is used by Xcode 'outputs' to avoid re-running this script phase.\necho \"SUCCESS\" > \"${SCRIPT_OUTPUT_FILE_0}\"\n";
			showEnvVarsInLog = 0;
		};
/* End PBXShellScriptBuildPhase section */

/* Begin PBXSourcesBuildPhase section */
		983AADEA271EA1C100D19C2E /* Sources */ = {
			isa = PBXSourcesBuildPhase;
			buildActionMask = 2147483647;
			files = (
				983AAE37271ECC7300D19C2E /* MWJSONResponseSerializer.m in Sources */,
				983AAE28271EC39C00D19C2E /* NLCacheUnit.m in Sources */,
				983AAE2A271EC39C00D19C2E /* NSString+NLAddition.m in Sources */,
				983AAE47271ED37300D19C2E /* MWKeychain.m in Sources */,
				983AAE36271ECC7300D19C2E /* NWResult.m in Sources */,
				983AAE29271EC39C00D19C2E /* NLCacheArgument.m in Sources */,
				983AAE3E271ED2F800D19C2E /* MWDataUnit.m in Sources */,
				983AADF9271EA1C100D19C2E /* ViewController.m in Sources */,
				983AAE13271EBDB600D19C2E /* GFNavController.m in Sources */,
				983AAE2B271EC39C00D19C2E /* NLResultUnit.m in Sources */,
				983AADF3271EA1C100D19C2E /* AppDelegate.m in Sources */,
				983AAE10271EBB3000D19C2E /* GFNavigationBar.m in Sources */,
				983AAE2E271EC39C00D19C2E /* NLHttpSessionUnit.m in Sources */,
				983AAE38271ECC7300D19C2E /* NWOperationManager.m in Sources */,
				983AAE43271ED34800D19C2E /* NSString+Category.m in Sources */,
				983AAE04271EA1C400D19C2E /* main.m in Sources */,
				983AAE2C271EC39C00D19C2E /* NLHttpSessionCacheUnit.m in Sources */,
				983AAE2D271EC39C00D19C2E /* NLMultipartFormArgument.m in Sources */,
				983AAE3F271ED2F800D19C2E /* DataReqHelper.m in Sources */,
			);
			runOnlyForDeploymentPostprocessing = 0;
		};
/* End PBXSourcesBuildPhase section */

/* Begin PBXVariantGroup section */
		983AADFF271EA1C400D19C2E /* LaunchScreen.storyboard */ = {
			isa = PBXVariantGroup;
			children = (
				983AAE00271EA1C400D19C2E /* Base */,
			);
			name = LaunchScreen.storyboard;
			sourceTree = "<group>";
		};
/* End PBXVariantGroup section */

/* Begin XCBuildConfiguration section */
		983AAE05271EA1C400D19C2E /* Debug */ = {
			isa = XCBuildConfiguration;
			buildSettings = {
				ALWAYS_SEARCH_USER_PATHS = NO;
				CLANG_ANALYZER_NONNULL = YES;
				CLANG_ANALYZER_NUMBER_OBJECT_CONVERSION = YES_AGGRESSIVE;
				CLANG_CXX_LANGUAGE_STANDARD = "gnu++14";
				CLANG_CXX_LIBRARY = "libc++";
				CLANG_ENABLE_MODULES = YES;
				CLANG_ENABLE_OBJC_ARC = YES;
				CLANG_ENABLE_OBJC_WEAK = YES;
				CLANG_WARN_BLOCK_CAPTURE_AUTORELEASING = YES;
				CLANG_WARN_BOOL_CONVERSION = YES;
				CLANG_WARN_COMMA = YES;
				CLANG_WARN_CONSTANT_CONVERSION = YES;
				CLANG_WARN_DEPRECATED_OBJC_IMPLEMENTATIONS = YES;
				CLANG_WARN_DIRECT_OBJC_ISA_USAGE = YES_ERROR;
				CLANG_WARN_DOCUMENTATION_COMMENTS = YES;
				CLANG_WARN_EMPTY_BODY = YES;
				CLANG_WARN_ENUM_CONVERSION = YES;
				CLANG_WARN_INFINITE_RECURSION = YES;
				CLANG_WARN_INT_CONVERSION = YES;
				CLANG_WARN_NON_LITERAL_NULL_CONVERSION = YES;
				CLANG_WARN_OBJC_IMPLICIT_RETAIN_SELF = YES;
				CLANG_WARN_OBJC_LITERAL_CONVERSION = YES;
				CLANG_WARN_OBJC_ROOT_CLASS = YES_ERROR;
				CLANG_WARN_QUOTED_INCLUDE_IN_FRAMEWORK_HEADER = YES;
				CLANG_WARN_RANGE_LOOP_ANALYSIS = YES;
				CLANG_WARN_STRICT_PROTOTYPES = YES;
				CLANG_WARN_SUSPICIOUS_MOVE = YES;
				CLANG_WARN_UNGUARDED_AVAILABILITY = YES_AGGRESSIVE;
				CLANG_WARN_UNREACHABLE_CODE = YES;
				CLANG_WARN__DUPLICATE_METHOD_MATCH = YES;
				COPY_PHASE_STRIP = NO;
				DEBUG_INFORMATION_FORMAT = dwarf;
				ENABLE_STRICT_OBJC_MSGSEND = YES;
				ENABLE_TESTABILITY = YES;
				GCC_C_LANGUAGE_STANDARD = gnu11;
				GCC_DYNAMIC_NO_PIC = NO;
				GCC_NO_COMMON_BLOCKS = YES;
				GCC_OPTIMIZATION_LEVEL = 0;
				GCC_PREPROCESSOR_DEFINITIONS = (
					"DEBUG=1",
					"$(inherited)",
				);
				GCC_WARN_64_TO_32_BIT_CONVERSION = YES;
				GCC_WARN_ABOUT_RETURN_TYPE = YES_ERROR;
				GCC_WARN_UNDECLARED_SELECTOR = YES;
				GCC_WARN_UNINITIALIZED_AUTOS = YES_AGGRESSIVE;
				GCC_WARN_UNUSED_FUNCTION = YES;
				GCC_WARN_UNUSED_VARIABLE = YES;
				IPHONEOS_DEPLOYMENT_TARGET = 14.5;
				MTL_ENABLE_DEBUG_INFO = INCLUDE_SOURCE;
				MTL_FAST_MATH = YES;
				ONLY_ACTIVE_ARCH = YES;
				SDKROOT = iphoneos;
			};
			name = Debug;
		};
		983AAE06271EA1C400D19C2E /* Release */ = {
			isa = XCBuildConfiguration;
			buildSettings = {
				ALWAYS_SEARCH_USER_PATHS = NO;
				CLANG_ANALYZER_NONNULL = YES;
				CLANG_ANALYZER_NUMBER_OBJECT_CONVERSION = YES_AGGRESSIVE;
				CLANG_CXX_LANGUAGE_STANDARD = "gnu++14";
				CLANG_CXX_LIBRARY = "libc++";
				CLANG_ENABLE_MODULES = YES;
				CLANG_ENABLE_OBJC_ARC = YES;
				CLANG_ENABLE_OBJC_WEAK = YES;
				CLANG_WARN_BLOCK_CAPTURE_AUTORELEASING = YES;
				CLANG_WARN_BOOL_CONVERSION = YES;
				CLANG_WARN_COMMA = YES;
				CLANG_WARN_CONSTANT_CONVERSION = YES;
				CLANG_WARN_DEPRECATED_OBJC_IMPLEMENTATIONS = YES;
				CLANG_WARN_DIRECT_OBJC_ISA_USAGE = YES_ERROR;
				CLANG_WARN_DOCUMENTATION_COMMENTS = YES;
				CLANG_WARN_EMPTY_BODY = YES;
				CLANG_WARN_ENUM_CONVERSION = YES;
				CLANG_WARN_INFINITE_RECURSION = YES;
				CLANG_WARN_INT_CONVERSION = YES;
				CLANG_WARN_NON_LITERAL_NULL_CONVERSION = YES;
				CLANG_WARN_OBJC_IMPLICIT_RETAIN_SELF = YES;
				CLANG_WARN_OBJC_LITERAL_CONVERSION = YES;
				CLANG_WARN_OBJC_ROOT_CLASS = YES_ERROR;
				CLANG_WARN_QUOTED_INCLUDE_IN_FRAMEWORK_HEADER = YES;
				CLANG_WARN_RANGE_LOOP_ANALYSIS = YES;
				CLANG_WARN_STRICT_PROTOTYPES = YES;
				CLANG_WARN_SUSPICIOUS_MOVE = YES;
				CLANG_WARN_UNGUARDED_AVAILABILITY = YES_AGGRESSIVE;
				CLANG_WARN_UNREACHABLE_CODE = YES;
				CLANG_WARN__DUPLICATE_METHOD_MATCH = YES;
				COPY_PHASE_STRIP = NO;
				DEBUG_INFORMATION_FORMAT = "dwarf-with-dsym";
				ENABLE_NS_ASSERTIONS = NO;
				ENABLE_STRICT_OBJC_MSGSEND = YES;
				GCC_C_LANGUAGE_STANDARD = gnu11;
				GCC_NO_COMMON_BLOCKS = YES;
				GCC_WARN_64_TO_32_BIT_CONVERSION = YES;
				GCC_WARN_ABOUT_RETURN_TYPE = YES_ERROR;
				GCC_WARN_UNDECLARED_SELECTOR = YES;
				GCC_WARN_UNINITIALIZED_AUTOS = YES_AGGRESSIVE;
				GCC_WARN_UNUSED_FUNCTION = YES;
				GCC_WARN_UNUSED_VARIABLE = YES;
				IPHONEOS_DEPLOYMENT_TARGET = 14.5;
				MTL_ENABLE_DEBUG_INFO = NO;
				MTL_FAST_MATH = YES;
				SDKROOT = iphoneos;
				VALIDATE_PRODUCT = YES;
			};
			name = Release;
		};
		983AAE08271EA1C400D19C2E /* Debug */ = {
			isa = XCBuildConfiguration;
			baseConfigurationReference = 2AC4DFDE2DE11A6D18811935 /* Pods-gamefiIOS.debug.xcconfig */;
			buildSettings = {
				ASSETCATALOG_COMPILER_APPICON_NAME = AppIcon;
				ASSETCATALOG_COMPILER_GLOBAL_ACCENT_COLOR_NAME = AccentColor;
				CODE_SIGN_STYLE = Automatic;
				DEVELOPMENT_TEAM = 5W82Z6DS32;
				INFOPLIST_FILE = gamefiIOS/Info.plist;
				IPHONEOS_DEPLOYMENT_TARGET = 10.0;
				LD_RUNPATH_SEARCH_PATHS = (
					"$(inherited)",
					"@executable_path/Frameworks",
				);
				PRODUCT_BUNDLE_IDENTIFIER = com.enlighten.gamefi.gamefiIOS;
				PRODUCT_NAME = "$(TARGET_NAME)";
				TARGETED_DEVICE_FAMILY = 1;
			};
			name = Debug;
		};
		983AAE09271EA1C400D19C2E /* Release */ = {
			isa = XCBuildConfiguration;
			baseConfigurationReference = 4D8F5AAC799C28A09887D628 /* Pods-gamefiIOS.release.xcconfig */;
			buildSettings = {
				ASSETCATALOG_COMPILER_APPICON_NAME = AppIcon;
				ASSETCATALOG_COMPILER_GLOBAL_ACCENT_COLOR_NAME = AccentColor;
				CODE_SIGN_STYLE = Automatic;
				DEVELOPMENT_TEAM = 5W82Z6DS32;
				INFOPLIST_FILE = gamefiIOS/Info.plist;
				IPHONEOS_DEPLOYMENT_TARGET = 10.0;
				LD_RUNPATH_SEARCH_PATHS = (
					"$(inherited)",
					"@executable_path/Frameworks",
				);
				PRODUCT_BUNDLE_IDENTIFIER = com.enlighten.gamefi.gamefiIOS;
				PRODUCT_NAME = "$(TARGET_NAME)";
				TARGETED_DEVICE_FAMILY = 1;
			};
			name = Release;
		};
/* End XCBuildConfiguration section */

/* Begin XCConfigurationList section */
		983AADE9271EA1C100D19C2E /* Build configuration list for PBXProject "gamefiIOS" */ = {
			isa = XCConfigurationList;
			buildConfigurations = (
				983AAE05271EA1C400D19C2E /* Debug */,
				983AAE06271EA1C400D19C2E /* Release */,
			);
			defaultConfigurationIsVisible = 0;
			defaultConfigurationName = Release;
		};
		983AAE07271EA1C400D19C2E /* Build configuration list for PBXNativeTarget "gamefiIOS" */ = {
			isa = XCConfigurationList;
			buildConfigurations = (
				983AAE08271EA1C400D19C2E /* Debug */,
				983AAE09271EA1C400D19C2E /* Release */,
			);
			defaultConfigurationIsVisible = 0;
			defaultConfigurationName = Release;
		};
/* End XCConfigurationList section */
	};
	rootObject = 983AADE6271EA1C100D19C2E /* Project object */;
}
