PODS:
  - AFNetworking (4.0.1):
    - AFNetworking/NSURLSession (= 4.0.1)
    - AFNetworking/Reachability (= 4.0.1)
    - AFNetworking/Security (= 4.0.1)
    - AFNetworking/Serialization (= 4.0.1)
    - AFNetworking/UIKit (= 4.0.1)
  - AFNetworking/NSURLSession (4.0.1):
    - AFNetworking/Reachability
    - AFNetworking/Security
    - AFNetworking/Serialization
  - AFNetworking/Reachability (4.0.1)
  - AFNetworking/Security (4.0.1)
  - AFNetworking/Serialization (4.0.1)
  - AFNetworking/UIKit (4.0.1):
    - AFNetworking/NSURLSession
  - JSONKit-NoWarning (1.2)
  - JSONModel (1.8.0)
  - Masonry (1.1.0)
  - MBProgressHUD (0.9.2)
  - SDWebImage (5.12.1):
    - SDWebImage/Core (= 5.12.1)
  - SDWebImage/Core (5.12.1)
  - "UIViewController+HUD (1.0.0)":
    - MBProgressHUD (~> 0.8)

DEPENDENCIES:
  - AFNetworking
  - JSONKit-NoWarning
  - JSONModel
  - Masonry
  - SDWebImage
  - "UIViewController+HUD"

SPEC REPOS:
  trunk:
    - AFNetworking
    - JSONKit-NoWarning
    - JSONModel
    - Masonry
    - MBProgressHUD
    - SDWebImage
    - "UIViewController+HUD"

SPEC CHECKSUMS:
  AFNetworking: 7864c38297c79aaca1500c33288e429c3451fdce
  JSONKit-NoWarning: 3d27e6f9e6846ecf741e8c64dcadd7d5aa7193cb
  JSONModel: 02ab723958366a3fd27da57ea2af2113658762e9
  Masonry: 678fab65091a9290e40e2832a55e7ab731aad201
  MBProgressHUD: 1569cf7ace17a8bac47aabfbb8580a49690386d1
  SDWebImage: 4dc3e42d9ec0c1028b960a33ac6b637bb432207b
  "UIViewController+HUD": 0e9e8b4d9f007a4c952acf97dae8669c62057b89

PODFILE CHECKSUM: edc59a17dd871fc812140efef46baea538955a97

COCOAPODS: 1.11.1
