// !$*UTF8*$!
{
	archiveVersion = 1;
	classes = {
	};
	objectVersion = 51;
	objects = {

/* Begin PBXBuildFile section */
		15092795570575A8D11E51AF /* Pods_GameFi.framework in Frameworks */ = {isa = PBXBuildFile; fileRef = FCCE75DA83DE142077945AEF /* Pods_GameFi.framework */; };
		7BCBC07F76E99519033E01A6 /* amplifyconfiguration.json in Resources */ = {isa = PBXBuildFile; fileRef = CBF9F66A81AD584A3895DB4F /* amplifyconfiguration.json */; };
		7C326CFCDF747D3682D551F3 /* awsconfiguration.json in Resources */ = {isa = PBXBuildFile; fileRef = F1EDDF7C6BA0C87EAB5C8C12 /* awsconfiguration.json */; };
		980A7DC22728135B006AE4C4 /* GFNavController.swift in Sources */ = {isa = PBXBuildFile; fileRef = 980A7DC12728135B006AE4C4 /* GFNavController.swift */; };
		980A7DC4272828FD006AE4C4 /* DataManager.swift in Sources */ = {isa = PBXBuildFile; fileRef = 980A7DC3272828FD006AE4C4 /* DataManager.swift */; };
		980A7DCA27292034006AE4C4 /* GFResult.swift in Sources */ = {isa = PBXBuildFile; fileRef = 980A7DC927292034006AE4C4 /* GFResult.swift */; };
		980DB7892732615E006ED3BE /* SubmitView.swift in Sources */ = {isa = PBXBuildFile; fileRef = 980DB7882732615E006ED3BE /* SubmitView.swift */; };
		980DB78C27337D6F006ED3BE /* CollectionViewCell.swift in Sources */ = {isa = PBXBuildFile; fileRef = 980DB78B27337D6F006ED3BE /* CollectionViewCell.swift */; };
		980DB79027337F7C006ED3BE /* ScholarShipsCell.swift in Sources */ = {isa = PBXBuildFile; fileRef = 980DB78F27337F7C006ED3BE /* ScholarShipsCell.swift */; };
		980DB7962733D391006ED3BE /* TYPageTitleView.swift in Sources */ = {isa = PBXBuildFile; fileRef = 980DB7912733D391006ED3BE /* TYPageTitleView.swift */; };
		980DB7972733D391006ED3BE /* TYPageStyle.swift in Sources */ = {isa = PBXBuildFile; fileRef = 980DB7922733D391006ED3BE /* TYPageStyle.swift */; };
		980DB7982733D391006ED3BE /* TYPageView.swift in Sources */ = {isa = PBXBuildFile; fileRef = 980DB7932733D391006ED3BE /* TYPageView.swift */; };
		980DB7992733D391006ED3BE /* TYPageViewConst.swift in Sources */ = {isa = PBXBuildFile; fileRef = 980DB7942733D391006ED3BE /* TYPageViewConst.swift */; };
		980DB79A2733D391006ED3BE /* UIView+FastKit.swift in Sources */ = {isa = PBXBuildFile; fileRef = 980DB7952733D391006ED3BE /* UIView+FastKit.swift */; };
		980DB79C2733D3F6006ED3BE /* ScholarshipsController.swift in Sources */ = {isa = PBXBuildFile; fileRef = 980DB79B2733D3F6006ED3BE /* ScholarshipsController.swift */; };
		980DB79E2733D486006ED3BE /* ScholarsController.swift in Sources */ = {isa = PBXBuildFile; fileRef = 980DB79D2733D486006ED3BE /* ScholarsController.swift */; };
		980DB7A52733F158006ED3BE /* JsonUtil.swift in Sources */ = {isa = PBXBuildFile; fileRef = 980DB7A42733F158006ED3BE /* JsonUtil.swift */; };
		980DB7A72733F19E006ED3BE /* BaseModel.swift in Sources */ = {isa = PBXBuildFile; fileRef = 980DB7A62733F19E006ED3BE /* BaseModel.swift */; };
		980DB7AE2734F677006ED3BE /* LYDropListView.swift in Sources */ = {isa = PBXBuildFile; fileRef = 980DB7AB2734F677006ED3BE /* LYDropListView.swift */; };
		980DB7AF2734F677006ED3BE /* LYCommon.swift in Sources */ = {isa = PBXBuildFile; fileRef = 980DB7AC2734F677006ED3BE /* LYCommon.swift */; };
		980DB7B02734F677006ED3BE /* LYDropListTItleView.swift in Sources */ = {isa = PBXBuildFile; fileRef = 980DB7AD2734F677006ED3BE /* LYDropListTItleView.swift */; };
		980DB7C527355876006ED3BE /* ScholarshipsDetailController.swift in Sources */ = {isa = PBXBuildFile; fileRef = 980DB7C427355876006ED3BE /* ScholarshipsDetailController.swift */; };
		980DB7C727356393006ED3BE /* ScholarshipDetailHeaderView.swift in Sources */ = {isa = PBXBuildFile; fileRef = 980DB7C627356393006ED3BE /* ScholarshipDetailHeaderView.swift */; };
		980DB7C927356C85006ED3BE /* LabelAndLabelView.swift in Sources */ = {isa = PBXBuildFile; fileRef = 980DB7C827356C85006ED3BE /* LabelAndLabelView.swift */; };
		980DB7CD2738E9F6006ED3BE /* ScholarsCell.swift in Sources */ = {isa = PBXBuildFile; fileRef = 980DB7CC2738E9F6006ED3BE /* ScholarsCell.swift */; };
		9811EA172726BB2700B0ACF0 /* AppDelegate.swift in Sources */ = {isa = PBXBuildFile; fileRef = 9811EA162726BB2700B0ACF0 /* AppDelegate.swift */; };
		9811EA1B2726BB2700B0ACF0 /* ViewController.swift in Sources */ = {isa = PBXBuildFile; fileRef = 9811EA1A2726BB2700B0ACF0 /* ViewController.swift */; };
		9811EA202726BB2800B0ACF0 /* Assets.xcassets in Resources */ = {isa = PBXBuildFile; fileRef = 9811EA1F2726BB2800B0ACF0 /* Assets.xcassets */; };
		9811EA232726BB2800B0ACF0 /* LaunchScreen.storyboard in Resources */ = {isa = PBXBuildFile; fileRef = 9811EA212726BB2800B0ACF0 /* LaunchScreen.storyboard */; };
		982B4770274F3B3C004C3B52 /* PaymentModel.swift in Sources */ = {isa = PBXBuildFile; fileRef = 982B476F274F3B3C004C3B52 /* PaymentModel.swift */; };
		9830EF1D274E626200352B26 /* ApplicationModel.swift in Sources */ = {isa = PBXBuildFile; fileRef = 9830EF1C274E626200352B26 /* ApplicationModel.swift */; };
		9830EF1F274E66E800352B26 /* ScholarshipModel.swift in Sources */ = {isa = PBXBuildFile; fileRef = 9830EF1E274E66E800352B26 /* ScholarshipModel.swift */; };
		9830EF21274E709600352B26 /* ScholarDetailModel.swift in Sources */ = {isa = PBXBuildFile; fileRef = 9830EF20274E709600352B26 /* ScholarDetailModel.swift */; };
		984472B4274CD91300DAE315 /* UserInfoStateController.swift in Sources */ = {isa = PBXBuildFile; fileRef = 984472B3274CD91300DAE315 /* UserInfoStateController.swift */; };
		984472BA274CF13800DAE315 /* MJChiBaoZiHeader.m in Sources */ = {isa = PBXBuildFile; fileRef = 984472B9274CF13800DAE315 /* MJChiBaoZiHeader.m */; };
		984472BD274CF31000DAE315 /* MJChiBaoZiFooter.m in Sources */ = {isa = PBXBuildFile; fileRef = 984472BB274CF31000DAE315 /* MJChiBaoZiFooter.m */; };
		984BDB95272ACD0A00F6144B /* RegisterController.swift in Sources */ = {isa = PBXBuildFile; fileRef = 984BDB94272ACD0A00F6144B /* RegisterController.swift */; };
		984BDB99272BA23600F6144B /* RegisterHeadView.swift in Sources */ = {isa = PBXBuildFile; fileRef = 984BDB98272BA23600F6144B /* RegisterHeadView.swift */; };
		984BDB9B272BC6C200F6144B /* LabelTextFildCell.swift in Sources */ = {isa = PBXBuildFile; fileRef = 984BDB9A272BC6C200F6144B /* LabelTextFildCell.swift */; };
		984BDB9D272BCDEF00F6144B /* EmptyTableViewCell.swift in Sources */ = {isa = PBXBuildFile; fileRef = 984BDB9C272BCDEF00F6144B /* EmptyTableViewCell.swift */; };
		984BDBA4272C0E9300F6144B /* Extension.swift in Sources */ = {isa = PBXBuildFile; fileRef = 984BDBA3272C0E9300F6144B /* Extension.swift */; };
		984BDBA6272C1C3800F6144B /* ConfirmCodeCell.swift in Sources */ = {isa = PBXBuildFile; fileRef = 984BDBA5272C1C3800F6144B /* ConfirmCodeCell.swift */; };
		984BDBA8272C1D2400F6144B /* TableViewCell.swift in Sources */ = {isa = PBXBuildFile; fileRef = 984BDBA7272C1D2400F6144B /* TableViewCell.swift */; };
		984BDBAA272C307B00F6144B /* RegisterFootView.swift in Sources */ = {isa = PBXBuildFile; fileRef = 984BDBA9272C307B00F6144B /* RegisterFootView.swift */; };
		984BDBAC272E494600F6144B /* LoginController.swift in Sources */ = {isa = PBXBuildFile; fileRef = 984BDBAB272E494600F6144B /* LoginController.swift */; };
		9858171E273CE4CE00D8CFCA /* LatestApplyController.swift in Sources */ = {isa = PBXBuildFile; fileRef = 9858171D273CE4CE00D8CFCA /* LatestApplyController.swift */; };
		98581720273CE6AE00D8CFCA /* LatestScholarshipCell.swift in Sources */ = {isa = PBXBuildFile; fileRef = 9858171F273CE6AE00D8CFCA /* LatestScholarshipCell.swift */; };
		98581722273CEBD600D8CFCA /* NoOfferScholarshipController.swift in Sources */ = {isa = PBXBuildFile; fileRef = 98581721273CEBD600D8CFCA /* NoOfferScholarshipController.swift */; };
		98581724273CF45900D8CFCA /* NoOfferScholarshipCell.swift in Sources */ = {isa = PBXBuildFile; fileRef = 98581723273CF45900D8CFCA /* NoOfferScholarshipCell.swift */; };
		98581726273CF70900D8CFCA /* NoOfferHeaderView.swift in Sources */ = {isa = PBXBuildFile; fileRef = 98581725273CF70900D8CFCA /* NoOfferHeaderView.swift */; };
		98581728273D0A3700D8CFCA /* AddTrackController.swift in Sources */ = {isa = PBXBuildFile; fileRef = 98581727273D0A3700D8CFCA /* AddTrackController.swift */; };
		9858172A273D0F2C00D8CFCA /* LabelAndLabelCell.swift in Sources */ = {isa = PBXBuildFile; fileRef = 98581729273D0F2C00D8CFCA /* LabelAndLabelCell.swift */; };
		9858172C273D1BCC00D8CFCA /* AddScholarshipController.swift in Sources */ = {isa = PBXBuildFile; fileRef = 9858172B273D1BCC00D8CFCA /* AddScholarshipController.swift */; };
		9858172E273D205600D8CFCA /* PostScholarshipCell.swift in Sources */ = {isa = PBXBuildFile; fileRef = 9858172D273D205600D8CFCA /* PostScholarshipCell.swift */; };
		98581730273D2DBF00D8CFCA /* PostScholarFootView.swift in Sources */ = {isa = PBXBuildFile; fileRef = 9858172F273D2DBF00D8CFCA /* PostScholarFootView.swift */; };
		98581732273D3DB800D8CFCA /* TextViewCell.swift in Sources */ = {isa = PBXBuildFile; fileRef = 98581731273D3DB800D8CFCA /* TextViewCell.swift */; };
		98581739273E921800D8CFCA /* UserManager.swift in Sources */ = {isa = PBXBuildFile; fileRef = 98581738273E921800D8CFCA /* UserManager.swift */; };
		9858173B27422D3D00D8CFCA /* ScholarshipDetailCell.swift in Sources */ = {isa = PBXBuildFile; fileRef = 9858173A27422D3D00D8CFCA /* ScholarshipDetailCell.swift */; };
		9858173D27424F3700D8CFCA /* AxieinfoModel.swift in Sources */ = {isa = PBXBuildFile; fileRef = 9858173C27424F3700D8CFCA /* AxieinfoModel.swift */; };
		985817432742784B00D8CFCA /* axieability.json in Resources */ = {isa = PBXBuildFile; fileRef = 985817422742784B00D8CFCA /* axieability.json */; };
		985817452742788E00D8CFCA /* AbilityUtil.swift in Sources */ = {isa = PBXBuildFile; fileRef = 985817442742788E00D8CFCA /* AbilityUtil.swift */; };
		985817472742793F00D8CFCA /* AxieAbilityModel.swift in Sources */ = {isa = PBXBuildFile; fileRef = 985817462742793F00D8CFCA /* AxieAbilityModel.swift */; };
		9858174B274295A500D8CFCA /* TrackSumModel.swift in Sources */ = {isa = PBXBuildFile; fileRef = 9858174A274295A500D8CFCA /* TrackSumModel.swift */; };
		9858174E27429C1A00D8CFCA /* TrackModel.swift in Sources */ = {isa = PBXBuildFile; fileRef = 9858174D27429C1A00D8CFCA /* TrackModel.swift */; };
		9858175027429E6300D8CFCA /* TrackListModel.swift in Sources */ = {isa = PBXBuildFile; fileRef = 9858174F27429E6300D8CFCA /* TrackListModel.swift */; };
		985817542743990100D8CFCA /* GFAlert.swift in Sources */ = {isa = PBXBuildFile; fileRef = 985817532743990100D8CFCA /* GFAlert.swift */; };
		985817562743EE5C00D8CFCA /* EditTrackController.swift in Sources */ = {isa = PBXBuildFile; fileRef = 985817552743EE5C00D8CFCA /* EditTrackController.swift */; };
		9858176727467EBF00D8CFCA /* ScholarRentScholarshipController.swift in Sources */ = {isa = PBXBuildFile; fileRef = 9858176627467EBF00D8CFCA /* ScholarRentScholarshipController.swift */; };
		9858176927467EDF00D8CFCA /* ScholarApplingScholarshipController.swift in Sources */ = {isa = PBXBuildFile; fileRef = 9858176827467EDF00D8CFCA /* ScholarApplingScholarshipController.swift */; };
		9858176B2746907B00D8CFCA /* ScholarAccountsController.swift in Sources */ = {isa = PBXBuildFile; fileRef = 9858176A2746907B00D8CFCA /* ScholarAccountsController.swift */; };
		9858176D2747309300D8CFCA /* ScholarRentCell.swift in Sources */ = {isa = PBXBuildFile; fileRef = 9858176C2747309300D8CFCA /* ScholarRentCell.swift */; };
		9858176F27473C1F00D8CFCA /* ScholarApplyCell.swift in Sources */ = {isa = PBXBuildFile; fileRef = 9858176E27473C1F00D8CFCA /* ScholarApplyCell.swift */; };
		98581771274796B600D8CFCA /* EditScholarshipController.swift in Sources */ = {isa = PBXBuildFile; fileRef = 98581770274796B600D8CFCA /* EditScholarshipController.swift */; };
		985817732747D3D200D8CFCA /* UserInfoModel.swift in Sources */ = {isa = PBXBuildFile; fileRef = 985817722747D3D200D8CFCA /* UserInfoModel.swift */; };
		985817762749300500D8CFCA /* PickerViewCell.swift in Sources */ = {isa = PBXBuildFile; fileRef = 985817752749300500D8CFCA /* PickerViewCell.swift */; };
		985817782749349700D8CFCA /* IDPhotoCell.swift in Sources */ = {isa = PBXBuildFile; fileRef = 985817772749349700D8CFCA /* IDPhotoCell.swift */; };
		9858177C274A8CF200D8CFCA /* GFPickerView.swift in Sources */ = {isa = PBXBuildFile; fileRef = 9858177B274A8CF200D8CFCA /* GFPickerView.swift */; };
		9858177E274B283500D8CFCA /* GFDatePickerView.swift in Sources */ = {isa = PBXBuildFile; fileRef = 9858177D274B283500D8CFCA /* GFDatePickerView.swift */; };
		98581782274B67E300D8CFCA /* HImagePickerUtils.swift in Sources */ = {isa = PBXBuildFile; fileRef = 98581781274B67E200D8CFCA /* HImagePickerUtils.swift */; };
		98581788274CB7B100D8CFCA /* countries.json in Resources */ = {isa = PBXBuildFile; fileRef = 98581787274CB7B100D8CFCA /* countries.json */; };
		986C586E27300B9A0021280A /* LoginHeadView.swift in Sources */ = {isa = PBXBuildFile; fileRef = 986C586D27300B9A0021280A /* LoginHeadView.swift */; };
		986C587027300BEB0021280A /* LoginFootView.swift in Sources */ = {isa = PBXBuildFile; fileRef = 986C586F27300BEB0021280A /* LoginFootView.swift */; };
		987694272738ED150075CA0F /* ScholarModel.swift in Sources */ = {isa = PBXBuildFile; fileRef = 987694262738ED150075CA0F /* ScholarModel.swift */; };
		987694292738F1440075CA0F /* ScholarDetailController.swift in Sources */ = {isa = PBXBuildFile; fileRef = 987694282738F1440075CA0F /* ScholarDetailController.swift */; };
		9876942D2738F2950075CA0F /* ScholarDetailHeaderView.swift in Sources */ = {isa = PBXBuildFile; fileRef = 9876942C2738F2950075CA0F /* ScholarDetailHeaderView.swift */; };
		9876942F2738FD500075CA0F /* ScholarDetailCell.swift in Sources */ = {isa = PBXBuildFile; fileRef = 9876942E2738FD500075CA0F /* ScholarDetailCell.swift */; };
		9876943227393CEC0075CA0F /* ProfileGuestController.swift in Sources */ = {isa = PBXBuildFile; fileRef = 9876943127393CEC0075CA0F /* ProfileGuestController.swift */; };
		98769435273941890075CA0F /* ProfileGuestHeaderView.swift in Sources */ = {isa = PBXBuildFile; fileRef = 98769434273941890075CA0F /* ProfileGuestHeaderView.swift */; };
		987694372739625A0075CA0F /* ProfileController.swift in Sources */ = {isa = PBXBuildFile; fileRef = 987694362739625A0075CA0F /* ProfileController.swift */; };
		98823A3F27295B0100D9A7CD /* HomeController.swift in Sources */ = {isa = PBXBuildFile; fileRef = 98823A3E27295B0100D9A7CD /* HomeController.swift */; };
		98823A412729674500D9A7CD /* Define.swift in Sources */ = {isa = PBXBuildFile; fileRef = 98823A402729674500D9A7CD /* Define.swift */; };
		98D99407273A107D006AA8DC /* ProfileHeaderView.swift in Sources */ = {isa = PBXBuildFile; fileRef = 98D99406273A107D006AA8DC /* ProfileHeaderView.swift */; };
		98D99409273A3A45006AA8DC /* SweetAlert.swift in Sources */ = {isa = PBXBuildFile; fileRef = 98D99408273A3A45006AA8DC /* SweetAlert.swift */; };
		98D9940B273A46D2006AA8DC /* ScholarListModel.swift in Sources */ = {isa = PBXBuildFile; fileRef = 98D9940A273A46D2006AA8DC /* ScholarListModel.swift */; };
		98D99411273A7F31006AA8DC /* EditProfileController.swift in Sources */ = {isa = PBXBuildFile; fileRef = 98D99410273A7F31006AA8DC /* EditProfileController.swift */; };
		98D99414273A8CFE006AA8DC /* NotificationController.swift in Sources */ = {isa = PBXBuildFile; fileRef = 98D99413273A8CFE006AA8DC /* NotificationController.swift */; };
		98D99417273A8DDC006AA8DC /* NotificationCell.swift in Sources */ = {isa = PBXBuildFile; fileRef = 98D99416273A8DDB006AA8DC /* NotificationCell.swift */; };
		98D9941A273A9A17006AA8DC /* TrackController.swift in Sources */ = {isa = PBXBuildFile; fileRef = 98D99419273A9A17006AA8DC /* TrackController.swift */; };
		98D9941D273B6D68006AA8DC /* TrackHeadView.swift in Sources */ = {isa = PBXBuildFile; fileRef = 98D9941C273B6D68006AA8DC /* TrackHeadView.swift */; };
		98D9941F273B9E22006AA8DC /* TrackCell.swift in Sources */ = {isa = PBXBuildFile; fileRef = 98D9941E273B9E22006AA8DC /* TrackCell.swift */; };
		98D99423273BA9F0006AA8DC /* ManagerAccountsController.swift in Sources */ = {isa = PBXBuildFile; fileRef = 98D99422273BA9F0006AA8DC /* ManagerAccountsController.swift */; };
		98D99425273BAB19006AA8DC /* OfferingScholarshipsController.swift in Sources */ = {isa = PBXBuildFile; fileRef = 98D99424273BAB19006AA8DC /* OfferingScholarshipsController.swift */; };
		98D99428273BACDA006AA8DC /* ManagerScholarshipCell.swift in Sources */ = {isa = PBXBuildFile; fileRef = 98D99427273BACDA006AA8DC /* ManagerScholarshipCell.swift */; };
		98E09B5A2731121B0020D97D /* ForgetPwdController.swift in Sources */ = {isa = PBXBuildFile; fileRef = 98E09B592731121B0020D97D /* ForgetPwdController.swift */; };
		98E09B5C273129140020D97D /* Usermodel.swift in Sources */ = {isa = PBXBuildFile; fileRef = 98E09B5B273129140020D97D /* Usermodel.swift */; };
/* End PBXBuildFile section */

/* Begin PBXFileReference section */
		2056B7442627D4EF41EBF823 /* Pods-GameFi.release.xcconfig */ = {isa = PBXFileReference; includeInIndex = 1; lastKnownFileType = text.xcconfig; name = "Pods-GameFi.release.xcconfig"; path = "Target Support Files/Pods-GameFi/Pods-GameFi.release.xcconfig"; sourceTree = "<group>"; };
		980A7DC12728135B006AE4C4 /* GFNavController.swift */ = {isa = PBXFileReference; lastKnownFileType = sourcecode.swift; path = GFNavController.swift; sourceTree = "<group>"; };
		980A7DC3272828FD006AE4C4 /* DataManager.swift */ = {isa = PBXFileReference; lastKnownFileType = sourcecode.swift; path = DataManager.swift; sourceTree = "<group>"; };
		980A7DC927292034006AE4C4 /* GFResult.swift */ = {isa = PBXFileReference; lastKnownFileType = sourcecode.swift; path = GFResult.swift; sourceTree = "<group>"; };
		980DB7882732615E006ED3BE /* SubmitView.swift */ = {isa = PBXFileReference; lastKnownFileType = sourcecode.swift; path = SubmitView.swift; sourceTree = "<group>"; };
		980DB78B27337D6F006ED3BE /* CollectionViewCell.swift */ = {isa = PBXFileReference; lastKnownFileType = sourcecode.swift; path = CollectionViewCell.swift; sourceTree = "<group>"; };
		980DB78F27337F7C006ED3BE /* ScholarShipsCell.swift */ = {isa = PBXFileReference; lastKnownFileType = sourcecode.swift; path = ScholarShipsCell.swift; sourceTree = "<group>"; };
		980DB7912733D391006ED3BE /* TYPageTitleView.swift */ = {isa = PBXFileReference; fileEncoding = 4; lastKnownFileType = sourcecode.swift; path = TYPageTitleView.swift; sourceTree = "<group>"; };
		980DB7922733D391006ED3BE /* TYPageStyle.swift */ = {isa = PBXFileReference; fileEncoding = 4; lastKnownFileType = sourcecode.swift; path = TYPageStyle.swift; sourceTree = "<group>"; };
		980DB7932733D391006ED3BE /* TYPageView.swift */ = {isa = PBXFileReference; fileEncoding = 4; lastKnownFileType = sourcecode.swift; path = TYPageView.swift; sourceTree = "<group>"; };
		980DB7942733D391006ED3BE /* TYPageViewConst.swift */ = {isa = PBXFileReference; fileEncoding = 4; lastKnownFileType = sourcecode.swift; path = TYPageViewConst.swift; sourceTree = "<group>"; };
		980DB7952733D391006ED3BE /* UIView+FastKit.swift */ = {isa = PBXFileReference; fileEncoding = 4; lastKnownFileType = sourcecode.swift; path = "UIView+FastKit.swift"; sourceTree = "<group>"; };
		980DB79B2733D3F6006ED3BE /* ScholarshipsController.swift */ = {isa = PBXFileReference; lastKnownFileType = sourcecode.swift; path = ScholarshipsController.swift; sourceTree = "<group>"; };
		980DB79D2733D486006ED3BE /* ScholarsController.swift */ = {isa = PBXFileReference; lastKnownFileType = sourcecode.swift; path = ScholarsController.swift; sourceTree = "<group>"; };
		980DB7A42733F158006ED3BE /* JsonUtil.swift */ = {isa = PBXFileReference; lastKnownFileType = sourcecode.swift; path = JsonUtil.swift; sourceTree = "<group>"; };
		980DB7A62733F19E006ED3BE /* BaseModel.swift */ = {isa = PBXFileReference; lastKnownFileType = sourcecode.swift; path = BaseModel.swift; sourceTree = "<group>"; };
		980DB7AB2734F677006ED3BE /* LYDropListView.swift */ = {isa = PBXFileReference; fileEncoding = 4; lastKnownFileType = sourcecode.swift; path = LYDropListView.swift; sourceTree = "<group>"; };
		980DB7AC2734F677006ED3BE /* LYCommon.swift */ = {isa = PBXFileReference; fileEncoding = 4; lastKnownFileType = sourcecode.swift; path = LYCommon.swift; sourceTree = "<group>"; };
		980DB7AD2734F677006ED3BE /* LYDropListTItleView.swift */ = {isa = PBXFileReference; fileEncoding = 4; lastKnownFileType = sourcecode.swift; path = LYDropListTItleView.swift; sourceTree = "<group>"; };
		980DB7C427355876006ED3BE /* ScholarshipsDetailController.swift */ = {isa = PBXFileReference; lastKnownFileType = sourcecode.swift; path = ScholarshipsDetailController.swift; sourceTree = "<group>"; };
		980DB7C627356393006ED3BE /* ScholarshipDetailHeaderView.swift */ = {isa = PBXFileReference; lastKnownFileType = sourcecode.swift; path = ScholarshipDetailHeaderView.swift; sourceTree = "<group>"; };
		980DB7C827356C85006ED3BE /* LabelAndLabelView.swift */ = {isa = PBXFileReference; lastKnownFileType = sourcecode.swift; path = LabelAndLabelView.swift; sourceTree = "<group>"; };
		980DB7CC2738E9F6006ED3BE /* ScholarsCell.swift */ = {isa = PBXFileReference; lastKnownFileType = sourcecode.swift; path = ScholarsCell.swift; sourceTree = "<group>"; };
		9811EA132726BB2700B0ACF0 /* GameFi.app */ = {isa = PBXFileReference; explicitFileType = wrapper.application; includeInIndex = 0; path = GameFi.app; sourceTree = BUILT_PRODUCTS_DIR; };
		9811EA162726BB2700B0ACF0 /* AppDelegate.swift */ = {isa = PBXFileReference; lastKnownFileType = sourcecode.swift; path = AppDelegate.swift; sourceTree = "<group>"; };
		9811EA1A2726BB2700B0ACF0 /* ViewController.swift */ = {isa = PBXFileReference; lastKnownFileType = sourcecode.swift; path = ViewController.swift; sourceTree = "<group>"; };
		9811EA1F2726BB2800B0ACF0 /* Assets.xcassets */ = {isa = PBXFileReference; lastKnownFileType = folder.assetcatalog; path = Assets.xcassets; sourceTree = "<group>"; };
		9811EA222726BB2800B0ACF0 /* Base */ = {isa = PBXFileReference; lastKnownFileType = file.storyboard; name = Base; path = Base.lproj/LaunchScreen.storyboard; sourceTree = "<group>"; };
		9811EA242726BB2800B0ACF0 /* Info.plist */ = {isa = PBXFileReference; lastKnownFileType = text.plist.xml; path = Info.plist; sourceTree = "<group>"; };
		982B476F274F3B3C004C3B52 /* PaymentModel.swift */ = {isa = PBXFileReference; lastKnownFileType = sourcecode.swift; path = PaymentModel.swift; sourceTree = "<group>"; };
		9830EF1C274E626200352B26 /* ApplicationModel.swift */ = {isa = PBXFileReference; lastKnownFileType = sourcecode.swift; path = ApplicationModel.swift; sourceTree = "<group>"; };
		9830EF1E274E66E800352B26 /* ScholarshipModel.swift */ = {isa = PBXFileReference; lastKnownFileType = sourcecode.swift; path = ScholarshipModel.swift; sourceTree = "<group>"; };
		9830EF20274E709600352B26 /* ScholarDetailModel.swift */ = {isa = PBXFileReference; fileEncoding = 4; lastKnownFileType = sourcecode.swift; path = ScholarDetailModel.swift; sourceTree = "<group>"; };
		984472B3274CD91300DAE315 /* UserInfoStateController.swift */ = {isa = PBXFileReference; lastKnownFileType = sourcecode.swift; path = UserInfoStateController.swift; sourceTree = "<group>"; };
		984472B7274CF13700DAE315 /* GameFi-Bridging-Header.h */ = {isa = PBXFileReference; lastKnownFileType = sourcecode.c.h; path = "GameFi-Bridging-Header.h"; sourceTree = "<group>"; };
		984472B8274CF13800DAE315 /* MJChiBaoZiHeader.h */ = {isa = PBXFileReference; fileEncoding = 4; lastKnownFileType = sourcecode.c.h; path = MJChiBaoZiHeader.h; sourceTree = "<group>"; };
		984472B9274CF13800DAE315 /* MJChiBaoZiHeader.m */ = {isa = PBXFileReference; fileEncoding = 4; lastKnownFileType = sourcecode.c.objc; path = MJChiBaoZiHeader.m; sourceTree = "<group>"; };
		984472BB274CF31000DAE315 /* MJChiBaoZiFooter.m */ = {isa = PBXFileReference; fileEncoding = 4; lastKnownFileType = sourcecode.c.objc; path = MJChiBaoZiFooter.m; sourceTree = "<group>"; };
		984472BC274CF31000DAE315 /* MJChiBaoZiFooter.h */ = {isa = PBXFileReference; fileEncoding = 4; lastKnownFileType = sourcecode.c.h; path = MJChiBaoZiFooter.h; sourceTree = "<group>"; };
		984BDB94272ACD0A00F6144B /* RegisterController.swift */ = {isa = PBXFileReference; lastKnownFileType = sourcecode.swift; path = RegisterController.swift; sourceTree = "<group>"; };
		984BDB98272BA23600F6144B /* RegisterHeadView.swift */ = {isa = PBXFileReference; lastKnownFileType = sourcecode.swift; path = RegisterHeadView.swift; sourceTree = "<group>"; };
		984BDB9A272BC6C200F6144B /* LabelTextFildCell.swift */ = {isa = PBXFileReference; lastKnownFileType = sourcecode.swift; path = LabelTextFildCell.swift; sourceTree = "<group>"; };
		984BDB9C272BCDEF00F6144B /* EmptyTableViewCell.swift */ = {isa = PBXFileReference; lastKnownFileType = sourcecode.swift; path = EmptyTableViewCell.swift; sourceTree = "<group>"; };
		984BDBA3272C0E9300F6144B /* Extension.swift */ = {isa = PBXFileReference; fileEncoding = 4; lastKnownFileType = sourcecode.swift; path = Extension.swift; sourceTree = "<group>"; };
		984BDBA5272C1C3800F6144B /* ConfirmCodeCell.swift */ = {isa = PBXFileReference; lastKnownFileType = sourcecode.swift; path = ConfirmCodeCell.swift; sourceTree = "<group>"; };
		984BDBA7272C1D2400F6144B /* TableViewCell.swift */ = {isa = PBXFileReference; lastKnownFileType = sourcecode.swift; path = TableViewCell.swift; sourceTree = "<group>"; };
		984BDBA9272C307B00F6144B /* RegisterFootView.swift */ = {isa = PBXFileReference; lastKnownFileType = sourcecode.swift; path = RegisterFootView.swift; sourceTree = "<group>"; };
		984BDBAB272E494600F6144B /* LoginController.swift */ = {isa = PBXFileReference; lastKnownFileType = sourcecode.swift; path = LoginController.swift; sourceTree = "<group>"; };
		9858171D273CE4CE00D8CFCA /* LatestApplyController.swift */ = {isa = PBXFileReference; lastKnownFileType = sourcecode.swift; path = LatestApplyController.swift; sourceTree = "<group>"; };
		9858171F273CE6AE00D8CFCA /* LatestScholarshipCell.swift */ = {isa = PBXFileReference; lastKnownFileType = sourcecode.swift; path = LatestScholarshipCell.swift; sourceTree = "<group>"; };
		98581721273CEBD600D8CFCA /* NoOfferScholarshipController.swift */ = {isa = PBXFileReference; lastKnownFileType = sourcecode.swift; path = NoOfferScholarshipController.swift; sourceTree = "<group>"; };
		98581723273CF45900D8CFCA /* NoOfferScholarshipCell.swift */ = {isa = PBXFileReference; lastKnownFileType = sourcecode.swift; path = NoOfferScholarshipCell.swift; sourceTree = "<group>"; };
		98581725273CF70900D8CFCA /* NoOfferHeaderView.swift */ = {isa = PBXFileReference; lastKnownFileType = sourcecode.swift; path = NoOfferHeaderView.swift; sourceTree = "<group>"; };
		98581727273D0A3700D8CFCA /* AddTrackController.swift */ = {isa = PBXFileReference; lastKnownFileType = sourcecode.swift; path = AddTrackController.swift; sourceTree = "<group>"; };
		98581729273D0F2C00D8CFCA /* LabelAndLabelCell.swift */ = {isa = PBXFileReference; lastKnownFileType = sourcecode.swift; path = LabelAndLabelCell.swift; sourceTree = "<group>"; };
		9858172B273D1BCC00D8CFCA /* AddScholarshipController.swift */ = {isa = PBXFileReference; lastKnownFileType = sourcecode.swift; path = AddScholarshipController.swift; sourceTree = "<group>"; };
		9858172D273D205600D8CFCA /* PostScholarshipCell.swift */ = {isa = PBXFileReference; lastKnownFileType = sourcecode.swift; path = PostScholarshipCell.swift; sourceTree = "<group>"; };
		9858172F273D2DBF00D8CFCA /* PostScholarFootView.swift */ = {isa = PBXFileReference; lastKnownFileType = sourcecode.swift; path = PostScholarFootView.swift; sourceTree = "<group>"; };
		98581731273D3DB800D8CFCA /* TextViewCell.swift */ = {isa = PBXFileReference; lastKnownFileType = sourcecode.swift; path = TextViewCell.swift; sourceTree = "<group>"; };
		98581738273E921800D8CFCA /* UserManager.swift */ = {isa = PBXFileReference; lastKnownFileType = sourcecode.swift; path = UserManager.swift; sourceTree = "<group>"; };
		9858173A27422D3D00D8CFCA /* ScholarshipDetailCell.swift */ = {isa = PBXFileReference; lastKnownFileType = sourcecode.swift; path = ScholarshipDetailCell.swift; sourceTree = "<group>"; };
		9858173C27424F3700D8CFCA /* AxieinfoModel.swift */ = {isa = PBXFileReference; lastKnownFileType = sourcecode.swift; path = AxieinfoModel.swift; sourceTree = "<group>"; };
		985817422742784B00D8CFCA /* axieability.json */ = {isa = PBXFileReference; lastKnownFileType = text.json; path = axieability.json; sourceTree = "<group>"; };
		985817442742788E00D8CFCA /* AbilityUtil.swift */ = {isa = PBXFileReference; lastKnownFileType = sourcecode.swift; path = AbilityUtil.swift; sourceTree = "<group>"; };
		985817462742793F00D8CFCA /* AxieAbilityModel.swift */ = {isa = PBXFileReference; lastKnownFileType = sourcecode.swift; path = AxieAbilityModel.swift; sourceTree = "<group>"; };
		9858174A274295A500D8CFCA /* TrackSumModel.swift */ = {isa = PBXFileReference; lastKnownFileType = sourcecode.swift; path = TrackSumModel.swift; sourceTree = "<group>"; };
		9858174D27429C1A00D8CFCA /* TrackModel.swift */ = {isa = PBXFileReference; lastKnownFileType = sourcecode.swift; path = TrackModel.swift; sourceTree = "<group>"; };
		9858174F27429E6300D8CFCA /* TrackListModel.swift */ = {isa = PBXFileReference; lastKnownFileType = sourcecode.swift; path = TrackListModel.swift; sourceTree = "<group>"; };
		985817532743990100D8CFCA /* GFAlert.swift */ = {isa = PBXFileReference; lastKnownFileType = sourcecode.swift; path = GFAlert.swift; sourceTree = "<group>"; };
		985817552743EE5C00D8CFCA /* EditTrackController.swift */ = {isa = PBXFileReference; lastKnownFileType = sourcecode.swift; path = EditTrackController.swift; sourceTree = "<group>"; };
		9858176627467EBF00D8CFCA /* ScholarRentScholarshipController.swift */ = {isa = PBXFileReference; lastKnownFileType = sourcecode.swift; path = ScholarRentScholarshipController.swift; sourceTree = "<group>"; };
		9858176827467EDF00D8CFCA /* ScholarApplingScholarshipController.swift */ = {isa = PBXFileReference; lastKnownFileType = sourcecode.swift; path = ScholarApplingScholarshipController.swift; sourceTree = "<group>"; };
		9858176A2746907B00D8CFCA /* ScholarAccountsController.swift */ = {isa = PBXFileReference; lastKnownFileType = sourcecode.swift; path = ScholarAccountsController.swift; sourceTree = "<group>"; };
		9858176C2747309300D8CFCA /* ScholarRentCell.swift */ = {isa = PBXFileReference; lastKnownFileType = sourcecode.swift; path = ScholarRentCell.swift; sourceTree = "<group>"; };
		9858176E27473C1F00D8CFCA /* ScholarApplyCell.swift */ = {isa = PBXFileReference; lastKnownFileType = sourcecode.swift; path = ScholarApplyCell.swift; sourceTree = "<group>"; };
		98581770274796B600D8CFCA /* EditScholarshipController.swift */ = {isa = PBXFileReference; lastKnownFileType = sourcecode.swift; path = EditScholarshipController.swift; sourceTree = "<group>"; };
		985817722747D3D200D8CFCA /* UserInfoModel.swift */ = {isa = PBXFileReference; lastKnownFileType = sourcecode.swift; path = UserInfoModel.swift; sourceTree = "<group>"; };
		985817752749300500D8CFCA /* PickerViewCell.swift */ = {isa = PBXFileReference; lastKnownFileType = sourcecode.swift; path = PickerViewCell.swift; sourceTree = "<group>"; };
		985817772749349700D8CFCA /* IDPhotoCell.swift */ = {isa = PBXFileReference; lastKnownFileType = sourcecode.swift; path = IDPhotoCell.swift; sourceTree = "<group>"; };
		9858177B274A8CF200D8CFCA /* GFPickerView.swift */ = {isa = PBXFileReference; lastKnownFileType = sourcecode.swift; path = GFPickerView.swift; sourceTree = "<group>"; };
		9858177D274B283500D8CFCA /* GFDatePickerView.swift */ = {isa = PBXFileReference; lastKnownFileType = sourcecode.swift; path = GFDatePickerView.swift; sourceTree = "<group>"; };
		98581781274B67E200D8CFCA /* HImagePickerUtils.swift */ = {isa = PBXFileReference; fileEncoding = 4; lastKnownFileType = sourcecode.swift; path = HImagePickerUtils.swift; sourceTree = "<group>"; };
		98581787274CB7B100D8CFCA /* countries.json */ = {isa = PBXFileReference; fileEncoding = 4; lastKnownFileType = text.json; path = countries.json; sourceTree = "<group>"; };
		986C586D27300B9A0021280A /* LoginHeadView.swift */ = {isa = PBXFileReference; lastKnownFileType = sourcecode.swift; path = LoginHeadView.swift; sourceTree = "<group>"; };
		986C586F27300BEB0021280A /* LoginFootView.swift */ = {isa = PBXFileReference; lastKnownFileType = sourcecode.swift; path = LoginFootView.swift; sourceTree = "<group>"; };
		987694262738ED150075CA0F /* ScholarModel.swift */ = {isa = PBXFileReference; lastKnownFileType = sourcecode.swift; path = ScholarModel.swift; sourceTree = "<group>"; };
		987694282738F1440075CA0F /* ScholarDetailController.swift */ = {isa = PBXFileReference; lastKnownFileType = sourcecode.swift; path = ScholarDetailController.swift; sourceTree = "<group>"; };
		9876942C2738F2950075CA0F /* ScholarDetailHeaderView.swift */ = {isa = PBXFileReference; lastKnownFileType = sourcecode.swift; path = ScholarDetailHeaderView.swift; sourceTree = "<group>"; };
		9876942E2738FD500075CA0F /* ScholarDetailCell.swift */ = {isa = PBXFileReference; lastKnownFileType = sourcecode.swift; path = ScholarDetailCell.swift; sourceTree = "<group>"; };
		9876943127393CEC0075CA0F /* ProfileGuestController.swift */ = {isa = PBXFileReference; lastKnownFileType = sourcecode.swift; path = ProfileGuestController.swift; sourceTree = "<group>"; };
		98769434273941890075CA0F /* ProfileGuestHeaderView.swift */ = {isa = PBXFileReference; lastKnownFileType = sourcecode.swift; path = ProfileGuestHeaderView.swift; sourceTree = "<group>"; };
		987694362739625A0075CA0F /* ProfileController.swift */ = {isa = PBXFileReference; lastKnownFileType = sourcecode.swift; path = ProfileController.swift; sourceTree = "<group>"; };
		98823A3E27295B0100D9A7CD /* HomeController.swift */ = {isa = PBXFileReference; lastKnownFileType = sourcecode.swift; path = HomeController.swift; sourceTree = "<group>"; };
		98823A402729674500D9A7CD /* Define.swift */ = {isa = PBXFileReference; lastKnownFileType = sourcecode.swift; path = Define.swift; sourceTree = "<group>"; };
		98D99406273A107D006AA8DC /* ProfileHeaderView.swift */ = {isa = PBXFileReference; lastKnownFileType = sourcecode.swift; path = ProfileHeaderView.swift; sourceTree = "<group>"; };
		98D99408273A3A45006AA8DC /* SweetAlert.swift */ = {isa = PBXFileReference; fileEncoding = 4; lastKnownFileType = sourcecode.swift; path = SweetAlert.swift; sourceTree = "<group>"; };
		98D9940A273A46D2006AA8DC /* ScholarListModel.swift */ = {isa = PBXFileReference; lastKnownFileType = sourcecode.swift; path = ScholarListModel.swift; sourceTree = "<group>"; };
		98D99410273A7F31006AA8DC /* EditProfileController.swift */ = {isa = PBXFileReference; lastKnownFileType = sourcecode.swift; path = EditProfileController.swift; sourceTree = "<group>"; };
		98D99413273A8CFE006AA8DC /* NotificationController.swift */ = {isa = PBXFileReference; lastKnownFileType = sourcecode.swift; path = NotificationController.swift; sourceTree = "<group>"; };
		98D99416273A8DDB006AA8DC /* NotificationCell.swift */ = {isa = PBXFileReference; lastKnownFileType = sourcecode.swift; path = NotificationCell.swift; sourceTree = "<group>"; };
		98D99419273A9A17006AA8DC /* TrackController.swift */ = {isa = PBXFileReference; lastKnownFileType = sourcecode.swift; path = TrackController.swift; sourceTree = "<group>"; };
		98D9941C273B6D68006AA8DC /* TrackHeadView.swift */ = {isa = PBXFileReference; lastKnownFileType = sourcecode.swift; path = TrackHeadView.swift; sourceTree = "<group>"; };
		98D9941E273B9E22006AA8DC /* TrackCell.swift */ = {isa = PBXFileReference; lastKnownFileType = sourcecode.swift; path = TrackCell.swift; sourceTree = "<group>"; };
		98D99422273BA9F0006AA8DC /* ManagerAccountsController.swift */ = {isa = PBXFileReference; lastKnownFileType = sourcecode.swift; path = ManagerAccountsController.swift; sourceTree = "<group>"; };
		98D99424273BAB19006AA8DC /* OfferingScholarshipsController.swift */ = {isa = PBXFileReference; lastKnownFileType = sourcecode.swift; path = OfferingScholarshipsController.swift; sourceTree = "<group>"; };
		98D99427273BACDA006AA8DC /* ManagerScholarshipCell.swift */ = {isa = PBXFileReference; lastKnownFileType = sourcecode.swift; path = ManagerScholarshipCell.swift; sourceTree = "<group>"; };
		98E09B592731121B0020D97D /* ForgetPwdController.swift */ = {isa = PBXFileReference; lastKnownFileType = sourcecode.swift; path = ForgetPwdController.swift; sourceTree = "<group>"; };
		98E09B5B273129140020D97D /* Usermodel.swift */ = {isa = PBXFileReference; lastKnownFileType = sourcecode.swift; path = Usermodel.swift; sourceTree = "<group>"; };
		C65868A573F5F7D6A4003290 /* Pods-GameFi.debug.xcconfig */ = {isa = PBXFileReference; includeInIndex = 1; lastKnownFileType = text.xcconfig; name = "Pods-GameFi.debug.xcconfig"; path = "Target Support Files/Pods-GameFi/Pods-GameFi.debug.xcconfig"; sourceTree = "<group>"; };
		CBF9F66A81AD584A3895DB4F /* amplifyconfiguration.json */ = {isa = PBXFileReference; explicitFileType = text.json; path = amplifyconfiguration.json; sourceTree = "<group>"; };
		F1EDDF7C6BA0C87EAB5C8C12 /* awsconfiguration.json */ = {isa = PBXFileReference; explicitFileType = text.json; path = awsconfiguration.json; sourceTree = "<group>"; };
		FCCE75DA83DE142077945AEF /* Pods_GameFi.framework */ = {isa = PBXFileReference; explicitFileType = wrapper.framework; includeInIndex = 0; path = Pods_GameFi.framework; sourceTree = BUILT_PRODUCTS_DIR; };
/* End PBXFileReference section */

/* Begin PBXFrameworksBuildPhase section */
		9811EA102726BB2700B0ACF0 /* Frameworks */ = {
			isa = PBXFrameworksBuildPhase;
			buildActionMask = 2147483647;
			files = (
				15092795570575A8D11E51AF /* Pods_GameFi.framework in Frameworks */,
			);
			runOnlyForDeploymentPostprocessing = 0;
		};
/* End PBXFrameworksBuildPhase section */

/* Begin PBXGroup section */
		4199D9C3B4A28724DDAB9D9F /* AmplifyConfig */ = {
			isa = PBXGroup;
			children = (
				F1EDDF7C6BA0C87EAB5C8C12 /* awsconfiguration.json */,
				CBF9F66A81AD584A3895DB4F /* amplifyconfiguration.json */,
			);
			name = AmplifyConfig;
			sourceTree = "<group>";
		};
		6C12D9104C0A0B3C9C47BF30 /* Frameworks */ = {
			isa = PBXGroup;
			children = (
				FCCE75DA83DE142077945AEF /* Pods_GameFi.framework */,
			);
			name = Frameworks;
			sourceTree = "<group>";
		};
		980DB78A27327DF9006ED3BE /* General */ = {
			isa = PBXGroup;
			children = (
				984472B8274CF13800DAE315 /* MJChiBaoZiHeader.h */,
				984472B9274CF13800DAE315 /* MJChiBaoZiHeader.m */,
				984472BC274CF31000DAE315 /* MJChiBaoZiFooter.h */,
				984472BB274CF31000DAE315 /* MJChiBaoZiFooter.m */,
				98823A402729674500D9A7CD /* Define.swift */,
				980A7DC927292034006AE4C4 /* GFResult.swift */,
				980A7DC12728135B006AE4C4 /* GFNavController.swift */,
				9811EA1A2726BB2700B0ACF0 /* ViewController.swift */,
				984BDBA7272C1D2400F6144B /* TableViewCell.swift */,
				980DB78B27337D6F006ED3BE /* CollectionViewCell.swift */,
				980DB7A62733F19E006ED3BE /* BaseModel.swift */,
				980DB7A42733F158006ED3BE /* JsonUtil.swift */,
				984BDBA3272C0E9300F6144B /* Extension.swift */,
				984472B7274CF13700DAE315 /* GameFi-Bridging-Header.h */,
			);
			path = General;
			sourceTree = "<group>";
		};
		980DB78D27337E96006ED3BE /* Home */ = {
			isa = PBXGroup;
			children = (
				980DB7AA2734F677006ED3BE /* LYDropList */,
				980DB79F2733E02B006ED3BE /* Model */,
				980DB78E27337F40006ED3BE /* View */,
				98823A3E27295B0100D9A7CD /* HomeController.swift */,
				980DB79B2733D3F6006ED3BE /* ScholarshipsController.swift */,
				980DB7C427355876006ED3BE /* ScholarshipsDetailController.swift */,
				980DB79D2733D486006ED3BE /* ScholarsController.swift */,
				987694282738F1440075CA0F /* ScholarDetailController.swift */,
				9858172B273D1BCC00D8CFCA /* AddScholarshipController.swift */,
			);
			path = Home;
			sourceTree = "<group>";
		};
		980DB78E27337F40006ED3BE /* View */ = {
			isa = PBXGroup;
			children = (
				980DB7922733D391006ED3BE /* TYPageStyle.swift */,
				980DB7912733D391006ED3BE /* TYPageTitleView.swift */,
				980DB7932733D391006ED3BE /* TYPageView.swift */,
				980DB7942733D391006ED3BE /* TYPageViewConst.swift */,
				980DB7952733D391006ED3BE /* UIView+FastKit.swift */,
				980DB78F27337F7C006ED3BE /* ScholarShipsCell.swift */,
				9858173A27422D3D00D8CFCA /* ScholarshipDetailCell.swift */,
				980DB7CC2738E9F6006ED3BE /* ScholarsCell.swift */,
				980DB7C827356C85006ED3BE /* LabelAndLabelView.swift */,
				980DB7C627356393006ED3BE /* ScholarshipDetailHeaderView.swift */,
				9876942C2738F2950075CA0F /* ScholarDetailHeaderView.swift */,
				9876942E2738FD500075CA0F /* ScholarDetailCell.swift */,
				9858172D273D205600D8CFCA /* PostScholarshipCell.swift */,
				9858172F273D2DBF00D8CFCA /* PostScholarFootView.swift */,
			);
			path = View;
			sourceTree = "<group>";
		};
		980DB79F2733E02B006ED3BE /* Model */ = {
			isa = PBXGroup;
			children = (
				987694262738ED150075CA0F /* ScholarModel.swift */,
				9830EF20274E709600352B26 /* ScholarDetailModel.swift */,
				98D9940A273A46D2006AA8DC /* ScholarListModel.swift */,
				9858173C27424F3700D8CFCA /* AxieinfoModel.swift */,
				985817462742793F00D8CFCA /* AxieAbilityModel.swift */,
			);
			path = Model;
			sourceTree = "<group>";
		};
		980DB7AA2734F677006ED3BE /* LYDropList */ = {
			isa = PBXGroup;
			children = (
				980DB7AB2734F677006ED3BE /* LYDropListView.swift */,
				980DB7AC2734F677006ED3BE /* LYCommon.swift */,
				980DB7AD2734F677006ED3BE /* LYDropListTItleView.swift */,
			);
			path = LYDropList;
			sourceTree = "<group>";
		};
		9811EA0A2726BB2700B0ACF0 = {
			isa = PBXGroup;
			children = (
				985817422742784B00D8CFCA /* axieability.json */,
				98581787274CB7B100D8CFCA /* countries.json */,
				9811EA152726BB2700B0ACF0 /* GameFi */,
				4199D9C3B4A28724DDAB9D9F /* AmplifyConfig */,
				E53B31C82C867BF0D6041DEF /* Pods */,
				9811EA142726BB2700B0ACF0 /* Products */,
				6C12D9104C0A0B3C9C47BF30 /* Frameworks */,
			);
			sourceTree = "<group>";
		};
		9811EA142726BB2700B0ACF0 /* Products */ = {
			isa = PBXGroup;
			children = (
				9811EA132726BB2700B0ACF0 /* GameFi.app */,
			);
			name = Products;
			sourceTree = "<group>";
		};
		9811EA152726BB2700B0ACF0 /* GameFi */ = {
			isa = PBXGroup;
			children = (
				98D99421273BA97A006AA8DC /* Accounts */,
				98D99420273BA96D006AA8DC /* Util */,
				98D99418273A9A03006AA8DC /* Track */,
				98D99412273A8CDC006AA8DC /* Notification */,
				9876943027393CCB0075CA0F /* Profile */,
				980DB78A27327DF9006ED3BE /* General */,
				984BDB9E272BED7C00F6144B /* User */,
				980DB78D27337E96006ED3BE /* Home */,
				9811EA162726BB2700B0ACF0 /* AppDelegate.swift */,
				980A7DC3272828FD006AE4C4 /* DataManager.swift */,
				98581738273E921800D8CFCA /* UserManager.swift */,
				9811EA1F2726BB2800B0ACF0 /* Assets.xcassets */,
				9811EA212726BB2800B0ACF0 /* LaunchScreen.storyboard */,
				9811EA242726BB2800B0ACF0 /* Info.plist */,
			);
			path = GameFi;
			sourceTree = "<group>";
		};
		984BDB9E272BED7C00F6144B /* User */ = {
			isa = PBXGroup;
			children = (
				984BDBA0272BEEF000F6144B /* Model */,
				984BDB9F272BEEDD00F6144B /* View */,
				984BDBAB272E494600F6144B /* LoginController.swift */,
				984BDB94272ACD0A00F6144B /* RegisterController.swift */,
				98E09B592731121B0020D97D /* ForgetPwdController.swift */,
			);
			path = User;
			sourceTree = "<group>";
		};
		984BDB9F272BEEDD00F6144B /* View */ = {
			isa = PBXGroup;
			children = (
				984BDB9A272BC6C200F6144B /* LabelTextFildCell.swift */,
				984BDBA5272C1C3800F6144B /* ConfirmCodeCell.swift */,
				984BDB9C272BCDEF00F6144B /* EmptyTableViewCell.swift */,
				984BDB98272BA23600F6144B /* RegisterHeadView.swift */,
				984BDBA9272C307B00F6144B /* RegisterFootView.swift */,
				986C586D27300B9A0021280A /* LoginHeadView.swift */,
				986C586F27300BEB0021280A /* LoginFootView.swift */,
				980DB7882732615E006ED3BE /* SubmitView.swift */,
			);
			path = View;
			sourceTree = "<group>";
		};
		984BDBA0272BEEF000F6144B /* Model */ = {
			isa = PBXGroup;
			children = (
				98E09B5B273129140020D97D /* Usermodel.swift */,
			);
			path = Model;
			sourceTree = "<group>";
		};
		9858174C274295AC00D8CFCA /* Model */ = {
			isa = PBXGroup;
			children = (
				9858174A274295A500D8CFCA /* TrackSumModel.swift */,
				9858174D27429C1A00D8CFCA /* TrackModel.swift */,
				9858174F27429E6300D8CFCA /* TrackListModel.swift */,
			);
			path = Model;
			sourceTree = "<group>";
		};
		985817572744F24700D8CFCA /* Model */ = {
			isa = PBXGroup;
			children = (
				9830EF1C274E626200352B26 /* ApplicationModel.swift */,
				9830EF1E274E66E800352B26 /* ScholarshipModel.swift */,
				982B476F274F3B3C004C3B52 /* PaymentModel.swift */,
			);
			path = Model;
			sourceTree = "<group>";
		};
		985817742747D72100D8CFCA /* Model */ = {
			isa = PBXGroup;
			children = (
				985817722747D3D200D8CFCA /* UserInfoModel.swift */,
			);
			path = Model;
			sourceTree = "<group>";
		};
		9876943027393CCB0075CA0F /* Profile */ = {
			isa = PBXGroup;
			children = (
				98581781274B67E200D8CFCA /* HImagePickerUtils.swift */,
				985817742747D72100D8CFCA /* Model */,
				987694332739416A0075CA0F /* View */,
				9876943127393CEC0075CA0F /* ProfileGuestController.swift */,
				987694362739625A0075CA0F /* ProfileController.swift */,
				98D99410273A7F31006AA8DC /* EditProfileController.swift */,
				984472B3274CD91300DAE315 /* UserInfoStateController.swift */,
			);
			path = Profile;
			sourceTree = "<group>";
		};
		987694332739416A0075CA0F /* View */ = {
			isa = PBXGroup;
			children = (
				98769434273941890075CA0F /* ProfileGuestHeaderView.swift */,
				98D99406273A107D006AA8DC /* ProfileHeaderView.swift */,
				98581731273D3DB800D8CFCA /* TextViewCell.swift */,
				985817752749300500D8CFCA /* PickerViewCell.swift */,
				985817772749349700D8CFCA /* IDPhotoCell.swift */,
				9858177B274A8CF200D8CFCA /* GFPickerView.swift */,
				9858177D274B283500D8CFCA /* GFDatePickerView.swift */,
			);
			path = View;
			sourceTree = "<group>";
		};
		98D99412273A8CDC006AA8DC /* Notification */ = {
			isa = PBXGroup;
			children = (
				98D99415273A8DAC006AA8DC /* View */,
				98D99413273A8CFE006AA8DC /* NotificationController.swift */,
			);
			path = Notification;
			sourceTree = "<group>";
		};
		98D99415273A8DAC006AA8DC /* View */ = {
			isa = PBXGroup;
			children = (
				98D99416273A8DDB006AA8DC /* NotificationCell.swift */,
			);
			path = View;
			sourceTree = "<group>";
		};
		98D99418273A9A03006AA8DC /* Track */ = {
			isa = PBXGroup;
			children = (
				9858174C274295AC00D8CFCA /* Model */,
				98D9941B273B6D40006AA8DC /* View */,
				98D99419273A9A17006AA8DC /* TrackController.swift */,
				98581727273D0A3700D8CFCA /* AddTrackController.swift */,
				985817552743EE5C00D8CFCA /* EditTrackController.swift */,
			);
			path = Track;
			sourceTree = "<group>";
		};
		98D9941B273B6D40006AA8DC /* View */ = {
			isa = PBXGroup;
			children = (
				98D9941C273B6D68006AA8DC /* TrackHeadView.swift */,
				98D9941E273B9E22006AA8DC /* TrackCell.swift */,
				98581729273D0F2C00D8CFCA /* LabelAndLabelCell.swift */,
			);
			path = View;
			sourceTree = "<group>";
		};
		98D99420273BA96D006AA8DC /* Util */ = {
			isa = PBXGroup;
			children = (
				98D99408273A3A45006AA8DC /* SweetAlert.swift */,
				985817442742788E00D8CFCA /* AbilityUtil.swift */,
				985817532743990100D8CFCA /* GFAlert.swift */,
			);
			path = Util;
			sourceTree = "<group>";
		};
		98D99421273BA97A006AA8DC /* Accounts */ = {
			isa = PBXGroup;
			children = (
				985817572744F24700D8CFCA /* Model */,
				98D99426273BACA1006AA8DC /* View */,
				98D99422273BA9F0006AA8DC /* ManagerAccountsController.swift */,
				9858171D273CE4CE00D8CFCA /* LatestApplyController.swift */,
				98D99424273BAB19006AA8DC /* OfferingScholarshipsController.swift */,
				98581721273CEBD600D8CFCA /* NoOfferScholarshipController.swift */,
				9858176627467EBF00D8CFCA /* ScholarRentScholarshipController.swift */,
				9858176827467EDF00D8CFCA /* ScholarApplingScholarshipController.swift */,
				9858176A2746907B00D8CFCA /* ScholarAccountsController.swift */,
				98581770274796B600D8CFCA /* EditScholarshipController.swift */,
			);
			path = Accounts;
			sourceTree = "<group>";
		};
		98D99426273BACA1006AA8DC /* View */ = {
			isa = PBXGroup;
			children = (
				98D99427273BACDA006AA8DC /* ManagerScholarshipCell.swift */,
				9858171F273CE6AE00D8CFCA /* LatestScholarshipCell.swift */,
				98581723273CF45900D8CFCA /* NoOfferScholarshipCell.swift */,
				98581725273CF70900D8CFCA /* NoOfferHeaderView.swift */,
				9858176C2747309300D8CFCA /* ScholarRentCell.swift */,
				9858176E27473C1F00D8CFCA /* ScholarApplyCell.swift */,
			);
			path = View;
			sourceTree = "<group>";
		};
		E53B31C82C867BF0D6041DEF /* Pods */ = {
			isa = PBXGroup;
			children = (
				C65868A573F5F7D6A4003290 /* Pods-GameFi.debug.xcconfig */,
				2056B7442627D4EF41EBF823 /* Pods-GameFi.release.xcconfig */,
			);
			path = Pods;
			sourceTree = "<group>";
		};
/* End PBXGroup section */

/* Begin PBXNativeTarget section */
		9811EA122726BB2700B0ACF0 /* GameFi */ = {
			isa = PBXNativeTarget;
			buildConfigurationList = 9811EA272726BB2800B0ACF0 /* Build configuration list for PBXNativeTarget "GameFi" */;
			buildPhases = (
				A5FA6FAE9DA2300132C66383 /* [CP] Check Pods Manifest.lock */,
				9811EA0F2726BB2700B0ACF0 /* Sources */,
				9811EA102726BB2700B0ACF0 /* Frameworks */,
				9811EA112726BB2700B0ACF0 /* Resources */,
				6EA28F10FD272FFB876D2A74 /* [CP] Embed Pods Frameworks */,
			);
			buildRules = (
			);
			dependencies = (
			);
			name = GameFi;
			productName = GameFi;
			productReference = 9811EA132726BB2700B0ACF0 /* GameFi.app */;
			productType = "com.apple.product-type.application";
		};
/* End PBXNativeTarget section */

/* Begin PBXProject section */
		9811EA0B2726BB2700B0ACF0 /* Project object */ = {
			isa = PBXProject;
			attributes = {
				LastSwiftUpdateCheck = 1250;
				LastUpgradeCheck = 1250;
				TargetAttributes = {
					9811EA122726BB2700B0ACF0 = {
						CreatedOnToolsVersion = 12.5.1;
						LastSwiftMigration = 1250;
					};
				};
			};
			buildConfigurationList = 9811EA0E2726BB2700B0ACF0 /* Build configuration list for PBXProject "GameFi" */;
			compatibilityVersion = "Xcode 9.3";
			developmentRegion = en;
			hasScannedForEncodings = 0;
			knownRegions = (
				en,
				Base,
			);
			mainGroup = 9811EA0A2726BB2700B0ACF0;
			productRefGroup = 9811EA142726BB2700B0ACF0 /* Products */;
			projectDirPath = "";
			projectRoot = "";
			targets = (
				9811EA122726BB2700B0ACF0 /* GameFi */,
			);
		};
/* End PBXProject section */

/* Begin PBXResourcesBuildPhase section */
		9811EA112726BB2700B0ACF0 /* Resources */ = {
			isa = PBXResourcesBuildPhase;
			buildActionMask = 2147483647;
			files = (
				9811EA232726BB2800B0ACF0 /* LaunchScreen.storyboard in Resources */,
				9811EA202726BB2800B0ACF0 /* Assets.xcassets in Resources */,
				7C326CFCDF747D3682D551F3 /* awsconfiguration.json in Resources */,
				98581788274CB7B100D8CFCA /* countries.json in Resources */,
				985817432742784B00D8CFCA /* axieability.json in Resources */,
				7BCBC07F76E99519033E01A6 /* amplifyconfiguration.json in Resources */,
			);
			runOnlyForDeploymentPostprocessing = 0;
		};
/* End PBXResourcesBuildPhase section */

/* Begin PBXShellScriptBuildPhase section */
		6EA28F10FD272FFB876D2A74 /* [CP] Embed Pods Frameworks */ = {
			isa = PBXShellScriptBuildPhase;
			buildActionMask = 2147483647;
			files = (
			);
			inputFileListPaths = (
				"${PODS_ROOT}/Target Support Files/Pods-GameFi/Pods-GameFi-frameworks-${CONFIGURATION}-input-files.xcfilelist",
			);
			name = "[CP] Embed Pods Frameworks";
			outputFileListPaths = (
				"${PODS_ROOT}/Target Support Files/Pods-GameFi/Pods-GameFi-frameworks-${CONFIGURATION}-output-files.xcfilelist",
			);
			runOnlyForDeploymentPostprocessing = 0;
			shellPath = /bin/sh;
			shellScript = "\"${PODS_ROOT}/Target Support Files/Pods-GameFi/Pods-GameFi-frameworks.sh\"\n";
			showEnvVarsInLog = 0;
		};
		A5FA6FAE9DA2300132C66383 /* [CP] Check Pods Manifest.lock */ = {
			isa = PBXShellScriptBuildPhase;
			buildActionMask = 2147483647;
			files = (
			);
			inputFileListPaths = (
			);
			inputPaths = (
				"${PODS_PODFILE_DIR_PATH}/Podfile.lock",
				"${PODS_ROOT}/Manifest.lock",
			);
			name = "[CP] Check Pods Manifest.lock";
			outputFileListPaths = (
			);
			outputPaths = (
				"$(DERIVED_FILE_DIR)/Pods-GameFi-checkManifestLockResult.txt",
			);
			runOnlyForDeploymentPostprocessing = 0;
			shellPath = /bin/sh;
			shellScript = "diff \"${PODS_PODFILE_DIR_PATH}/Podfile.lock\" \"${PODS_ROOT}/Manifest.lock\" > /dev/null\nif [ $? != 0 ] ; then\n    # print error to STDERR\n    echo \"error: The sandbox is not in sync with the Podfile.lock. Run 'pod install' or update your CocoaPods installation.\" >&2\n    exit 1\nfi\n# This output is used by Xcode 'outputs' to avoid re-running this script phase.\necho \"SUCCESS\" > \"${SCRIPT_OUTPUT_FILE_0}\"\n";
			showEnvVarsInLog = 0;
		};
/* End PBXShellScriptBuildPhase section */

/* Begin PBXSourcesBuildPhase section */
		9811EA0F2726BB2700B0ACF0 /* Sources */ = {
			isa = PBXSourcesBuildPhase;
			buildActionMask = 2147483647;
			files = (
				9876942D2738F2950075CA0F /* ScholarDetailHeaderView.swift in Sources */,
				9876942F2738FD500075CA0F /* ScholarDetailCell.swift in Sources */,
				98D99409273A3A45006AA8DC /* SweetAlert.swift in Sources */,
				98581720273CE6AE00D8CFCA /* LatestScholarshipCell.swift in Sources */,
				98D99407273A107D006AA8DC /* ProfileHeaderView.swift in Sources */,
				984BDBAC272E494600F6144B /* LoginController.swift in Sources */,
				985817762749300500D8CFCA /* PickerViewCell.swift in Sources */,
				98581722273CEBD600D8CFCA /* NoOfferScholarshipController.swift in Sources */,
				98D99417273A8DDC006AA8DC /* NotificationCell.swift in Sources */,
				980A7DC22728135B006AE4C4 /* GFNavController.swift in Sources */,
				98823A412729674500D9A7CD /* Define.swift in Sources */,
				98D9941D273B6D68006AA8DC /* TrackHeadView.swift in Sources */,
				98D99414273A8CFE006AA8DC /* NotificationController.swift in Sources */,
				980A7DC4272828FD006AE4C4 /* DataManager.swift in Sources */,
				9858176D2747309300D8CFCA /* ScholarRentCell.swift in Sources */,
				985817452742788E00D8CFCA /* AbilityUtil.swift in Sources */,
				980DB7CD2738E9F6006ED3BE /* ScholarsCell.swift in Sources */,
				980DB78C27337D6F006ED3BE /* CollectionViewCell.swift in Sources */,
				98581739273E921800D8CFCA /* UserManager.swift in Sources */,
				9858176B2746907B00D8CFCA /* ScholarAccountsController.swift in Sources */,
				984472BA274CF13800DAE315 /* MJChiBaoZiHeader.m in Sources */,
				9858177E274B283500D8CFCA /* GFDatePickerView.swift in Sources */,
				984BDB9D272BCDEF00F6144B /* EmptyTableViewCell.swift in Sources */,
				9858177C274A8CF200D8CFCA /* GFPickerView.swift in Sources */,
				980DB7972733D391006ED3BE /* TYPageStyle.swift in Sources */,
				980DB7B02734F677006ED3BE /* LYDropListTItleView.swift in Sources */,
				9858172A273D0F2C00D8CFCA /* LabelAndLabelCell.swift in Sources */,
				980DB7992733D391006ED3BE /* TYPageViewConst.swift in Sources */,
				980DB7C527355876006ED3BE /* ScholarshipsDetailController.swift in Sources */,
				98D99428273BACDA006AA8DC /* ManagerScholarshipCell.swift in Sources */,
				985817562743EE5C00D8CFCA /* EditTrackController.swift in Sources */,
				98E09B5A2731121B0020D97D /* ForgetPwdController.swift in Sources */,
				980DB79027337F7C006ED3BE /* ScholarShipsCell.swift in Sources */,
				98823A3F27295B0100D9A7CD /* HomeController.swift in Sources */,
				980DB7AF2734F677006ED3BE /* LYCommon.swift in Sources */,
				984BDBA8272C1D2400F6144B /* TableViewCell.swift in Sources */,
				980DB7C727356393006ED3BE /* ScholarshipDetailHeaderView.swift in Sources */,
				98581724273CF45900D8CFCA /* NoOfferScholarshipCell.swift in Sources */,
				980DB7892732615E006ED3BE /* SubmitView.swift in Sources */,
				9876943227393CEC0075CA0F /* ProfileGuestController.swift in Sources */,
				9858176927467EDF00D8CFCA /* ScholarApplingScholarshipController.swift in Sources */,
				9830EF1D274E626200352B26 /* ApplicationModel.swift in Sources */,
				98D99411273A7F31006AA8DC /* EditProfileController.swift in Sources */,
				980DB79C2733D3F6006ED3BE /* ScholarshipsController.swift in Sources */,
				9858176F27473C1F00D8CFCA /* ScholarApplyCell.swift in Sources */,
				987694372739625A0075CA0F /* ProfileController.swift in Sources */,
				98581730273D2DBF00D8CFCA /* PostScholarFootView.swift in Sources */,
				98D9940B273A46D2006AA8DC /* ScholarListModel.swift in Sources */,
				984472BD274CF31000DAE315 /* MJChiBaoZiFooter.m in Sources */,
				98581732273D3DB800D8CFCA /* TextViewCell.swift in Sources */,
				98581782274B67E300D8CFCA /* HImagePickerUtils.swift in Sources */,
				986C586E27300B9A0021280A /* LoginHeadView.swift in Sources */,
				984BDBAA272C307B00F6144B /* RegisterFootView.swift in Sources */,
				98D9941F273B9E22006AA8DC /* TrackCell.swift in Sources */,
				984472B4274CD91300DAE315 /* UserInfoStateController.swift in Sources */,
				9830EF1F274E66E800352B26 /* ScholarshipModel.swift in Sources */,
				980DB7C927356C85006ED3BE /* LabelAndLabelView.swift in Sources */,
				9858172E273D205600D8CFCA /* PostScholarshipCell.swift in Sources */,
				984BDBA4272C0E9300F6144B /* Extension.swift in Sources */,
				9858171E273CE4CE00D8CFCA /* LatestApplyController.swift in Sources */,
				984BDB95272ACD0A00F6144B /* RegisterController.swift in Sources */,
				980DB7AE2734F677006ED3BE /* LYDropListView.swift in Sources */,
				980A7DCA27292034006AE4C4 /* GFResult.swift in Sources */,
				98D9941A273A9A17006AA8DC /* TrackController.swift in Sources */,
				9811EA1B2726BB2700B0ACF0 /* ViewController.swift in Sources */,
				98769435273941890075CA0F /* ProfileGuestHeaderView.swift in Sources */,
				98581726273CF70900D8CFCA /* NoOfferHeaderView.swift in Sources */,
				980DB79A2733D391006ED3BE /* UIView+FastKit.swift in Sources */,
				9858174B274295A500D8CFCA /* TrackSumModel.swift in Sources */,
				980DB7A72733F19E006ED3BE /* BaseModel.swift in Sources */,
				985817782749349700D8CFCA /* IDPhotoCell.swift in Sources */,
				984BDBA6272C1C3800F6144B /* ConfirmCodeCell.swift in Sources */,
				987694292738F1440075CA0F /* ScholarDetailController.swift in Sources */,
				980DB7A52733F158006ED3BE /* JsonUtil.swift in Sources */,
				9858176727467EBF00D8CFCA /* ScholarRentScholarshipController.swift in Sources */,
				986C587027300BEB0021280A /* LoginFootView.swift in Sources */,
				9858173D27424F3700D8CFCA /* AxieinfoModel.swift in Sources */,
				98581728273D0A3700D8CFCA /* AddTrackController.swift in Sources */,
				98D99425273BAB19006AA8DC /* OfferingScholarshipsController.swift in Sources */,
				980DB7982733D391006ED3BE /* TYPageView.swift in Sources */,
				9830EF21274E709600352B26 /* ScholarDetailModel.swift in Sources */,
				98581771274796B600D8CFCA /* EditScholarshipController.swift in Sources */,
				9858174E27429C1A00D8CFCA /* TrackModel.swift in Sources */,
				9858172C273D1BCC00D8CFCA /* AddScholarshipController.swift in Sources */,
				9858175027429E6300D8CFCA /* TrackListModel.swift in Sources */,
				9858173B27422D3D00D8CFCA /* ScholarshipDetailCell.swift in Sources */,
				980DB7962733D391006ED3BE /* TYPageTitleView.swift in Sources */,
				980DB79E2733D486006ED3BE /* ScholarsController.swift in Sources */,
				982B4770274F3B3C004C3B52 /* PaymentModel.swift in Sources */,
				987694272738ED150075CA0F /* ScholarModel.swift in Sources */,
				98D99423273BA9F0006AA8DC /* ManagerAccountsController.swift in Sources */,
				985817472742793F00D8CFCA /* AxieAbilityModel.swift in Sources */,
				9811EA172726BB2700B0ACF0 /* AppDelegate.swift in Sources */,
				98E09B5C273129140020D97D /* Usermodel.swift in Sources */,
				984BDB99272BA23600F6144B /* RegisterHeadView.swift in Sources */,
				984BDB9B272BC6C200F6144B /* LabelTextFildCell.swift in Sources */,
				985817542743990100D8CFCA /* GFAlert.swift in Sources */,
				985817732747D3D200D8CFCA /* UserInfoModel.swift in Sources */,
			);
			runOnlyForDeploymentPostprocessing = 0;
		};
/* End PBXSourcesBuildPhase section */

/* Begin PBXVariantGroup section */
		9811EA212726BB2800B0ACF0 /* LaunchScreen.storyboard */ = {
			isa = PBXVariantGroup;
			children = (
				9811EA222726BB2800B0ACF0 /* Base */,
			);
			name = LaunchScreen.storyboard;
			sourceTree = "<group>";
		};
/* End PBXVariantGroup section */

/* Begin XCBuildConfiguration section */
		9811EA252726BB2800B0ACF0 /* Debug */ = {
			isa = XCBuildConfiguration;
			buildSettings = {
				ALWAYS_SEARCH_USER_PATHS = NO;
				CLANG_ANALYZER_NONNULL = YES;
				CLANG_ANALYZER_NUMBER_OBJECT_CONVERSION = YES_AGGRESSIVE;
				CLANG_CXX_LANGUAGE_STANDARD = "gnu++14";
				CLANG_CXX_LIBRARY = "libc++";
				CLANG_ENABLE_MODULES = YES;
				CLANG_ENABLE_OBJC_ARC = YES;
				CLANG_ENABLE_OBJC_WEAK = YES;
				CLANG_WARN_BLOCK_CAPTURE_AUTORELEASING = YES;
				CLANG_WARN_BOOL_CONVERSION = YES;
				CLANG_WARN_COMMA = YES;
				CLANG_WARN_CONSTANT_CONVERSION = YES;
				CLANG_WARN_DEPRECATED_OBJC_IMPLEMENTATIONS = YES;
				CLANG_WARN_DIRECT_OBJC_ISA_USAGE = YES_ERROR;
				CLANG_WARN_DOCUMENTATION_COMMENTS = YES;
				CLANG_WARN_EMPTY_BODY = YES;
				CLANG_WARN_ENUM_CONVERSION = YES;
				CLANG_WARN_INFINITE_RECURSION = YES;
				CLANG_WARN_INT_CONVERSION = YES;
				CLANG_WARN_NON_LITERAL_NULL_CONVERSION = YES;
				CLANG_WARN_OBJC_IMPLICIT_RETAIN_SELF = YES;
				CLANG_WARN_OBJC_LITERAL_CONVERSION = YES;
				CLANG_WARN_OBJC_ROOT_CLASS = YES_ERROR;
				CLANG_WARN_QUOTED_INCLUDE_IN_FRAMEWORK_HEADER = YES;
				CLANG_WARN_RANGE_LOOP_ANALYSIS = YES;
				CLANG_WARN_STRICT_PROTOTYPES = YES;
				CLANG_WARN_SUSPICIOUS_MOVE = YES;
				CLANG_WARN_UNGUARDED_AVAILABILITY = YES_AGGRESSIVE;
				CLANG_WARN_UNREACHABLE_CODE = YES;
				CLANG_WARN__DUPLICATE_METHOD_MATCH = YES;
				COPY_PHASE_STRIP = NO;
				DEBUG_INFORMATION_FORMAT = dwarf;
				ENABLE_STRICT_OBJC_MSGSEND = YES;
				ENABLE_TESTABILITY = YES;
				GCC_C_LANGUAGE_STANDARD = gnu11;
				GCC_DYNAMIC_NO_PIC = NO;
				GCC_NO_COMMON_BLOCKS = YES;
				GCC_OPTIMIZATION_LEVEL = 0;
				GCC_PREPROCESSOR_DEFINITIONS = (
					"DEBUG=1",
					"$(inherited)",
				);
				GCC_WARN_64_TO_32_BIT_CONVERSION = YES;
				GCC_WARN_ABOUT_RETURN_TYPE = YES_ERROR;
				GCC_WARN_UNDECLARED_SELECTOR = YES;
				GCC_WARN_UNINITIALIZED_AUTOS = YES_AGGRESSIVE;
				GCC_WARN_UNUSED_FUNCTION = YES;
				GCC_WARN_UNUSED_VARIABLE = YES;
				IPHONEOS_DEPLOYMENT_TARGET = 14.5;
				MTL_ENABLE_DEBUG_INFO = INCLUDE_SOURCE;
				MTL_FAST_MATH = YES;
				ONLY_ACTIVE_ARCH = YES;
				SDKROOT = iphoneos;
				SWIFT_ACTIVE_COMPILATION_CONDITIONS = DEBUG;
				SWIFT_OPTIMIZATION_LEVEL = "-Onone";
			};
			name = Debug;
		};
		9811EA262726BB2800B0ACF0 /* Release */ = {
			isa = XCBuildConfiguration;
			buildSettings = {
				ALWAYS_SEARCH_USER_PATHS = NO;
				CLANG_ANALYZER_NONNULL = YES;
				CLANG_ANALYZER_NUMBER_OBJECT_CONVERSION = YES_AGGRESSIVE;
				CLANG_CXX_LANGUAGE_STANDARD = "gnu++14";
				CLANG_CXX_LIBRARY = "libc++";
				CLANG_ENABLE_MODULES = YES;
				CLANG_ENABLE_OBJC_ARC = YES;
				CLANG_ENABLE_OBJC_WEAK = YES;
				CLANG_WARN_BLOCK_CAPTURE_AUTORELEASING = YES;
				CLANG_WARN_BOOL_CONVERSION = YES;
				CLANG_WARN_COMMA = YES;
				CLANG_WARN_CONSTANT_CONVERSION = YES;
				CLANG_WARN_DEPRECATED_OBJC_IMPLEMENTATIONS = YES;
				CLANG_WARN_DIRECT_OBJC_ISA_USAGE = YES_ERROR;
				CLANG_WARN_DOCUMENTATION_COMMENTS = YES;
				CLANG_WARN_EMPTY_BODY = YES;
				CLANG_WARN_ENUM_CONVERSION = YES;
				CLANG_WARN_INFINITE_RECURSION = YES;
				CLANG_WARN_INT_CONVERSION = YES;
				CLANG_WARN_NON_LITERAL_NULL_CONVERSION = YES;
				CLANG_WARN_OBJC_IMPLICIT_RETAIN_SELF = YES;
				CLANG_WARN_OBJC_LITERAL_CONVERSION = YES;
				CLANG_WARN_OBJC_ROOT_CLASS = YES_ERROR;
				CLANG_WARN_QUOTED_INCLUDE_IN_FRAMEWORK_HEADER = YES;
				CLANG_WARN_RANGE_LOOP_ANALYSIS = YES;
				CLANG_WARN_STRICT_PROTOTYPES = YES;
				CLANG_WARN_SUSPICIOUS_MOVE = YES;
				CLANG_WARN_UNGUARDED_AVAILABILITY = YES_AGGRESSIVE;
				CLANG_WARN_UNREACHABLE_CODE = YES;
				CLANG_WARN__DUPLICATE_METHOD_MATCH = YES;
				COPY_PHASE_STRIP = NO;
				DEBUG_INFORMATION_FORMAT = "dwarf-with-dsym";
				ENABLE_NS_ASSERTIONS = NO;
				ENABLE_STRICT_OBJC_MSGSEND = YES;
				GCC_C_LANGUAGE_STANDARD = gnu11;
				GCC_NO_COMMON_BLOCKS = YES;
				GCC_WARN_64_TO_32_BIT_CONVERSION = YES;
				GCC_WARN_ABOUT_RETURN_TYPE = YES_ERROR;
				GCC_WARN_UNDECLARED_SELECTOR = YES;
				GCC_WARN_UNINITIALIZED_AUTOS = YES_AGGRESSIVE;
				GCC_WARN_UNUSED_FUNCTION = YES;
				GCC_WARN_UNUSED_VARIABLE = YES;
				IPHONEOS_DEPLOYMENT_TARGET = 14.5;
				MTL_ENABLE_DEBUG_INFO = NO;
				MTL_FAST_MATH = YES;
				SDKROOT = iphoneos;
				SWIFT_COMPILATION_MODE = wholemodule;
				SWIFT_OPTIMIZATION_LEVEL = "-O";
				VALIDATE_PRODUCT = YES;
			};
			name = Release;
		};
		9811EA282726BB2800B0ACF0 /* Debug */ = {
			isa = XCBuildConfiguration;
			baseConfigurationReference = C65868A573F5F7D6A4003290 /* Pods-GameFi.debug.xcconfig */;
			buildSettings = {
				ASSETCATALOG_COMPILER_APPICON_NAME = AppIcon;
				ASSETCATALOG_COMPILER_GLOBAL_ACCENT_COLOR_NAME = AccentColor;
				CLANG_ENABLE_MODULES = YES;
				CODE_SIGN_IDENTITY = "iPhone Distribution";
				CODE_SIGN_STYLE = Manual;
				CURRENT_PROJECT_VERSION = 2;
				DEVELOPMENT_TEAM = GB62JTZ689;
				INFOPLIST_FILE = GameFi/Info.plist;
				IPHONEOS_DEPLOYMENT_TARGET = 11.0;
				LD_RUNPATH_SEARCH_PATHS = (
					"$(inherited)",
					"@executable_path/Frameworks",
				);
				MARKETING_VERSION = 1.0.1;
				PRODUCT_BUNDLE_IDENTIFIER = com.enlighten.CryptoNinja;
				PRODUCT_NAME = "$(TARGET_NAME)";
				PROVISIONING_PROFILE_SPECIFIER = hocNew;
				SWIFT_OBJC_BRIDGING_HEADER = "GameFi/General/GameFi-Bridging-Header.h";
				SWIFT_OPTIMIZATION_LEVEL = "-Onone";
				SWIFT_VERSION = 5.0;
				TARGETED_DEVICE_FAMILY = 1;
			};
			name = Debug;
		};
		9811EA292726BB2800B0ACF0 /* Release */ = {
			isa = XCBuildConfiguration;
			baseConfigurationReference = 2056B7442627D4EF41EBF823 /* Pods-GameFi.release.xcconfig */;
			buildSettings = {
				ASSETCATALOG_COMPILER_APPICON_NAME = AppIcon;
				ASSETCATALOG_COMPILER_GLOBAL_ACCENT_COLOR_NAME = AccentColor;
				CLANG_ENABLE_MODULES = YES;
				CODE_SIGN_IDENTITY = "iPhone Distribution";
				CODE_SIGN_STYLE = Manual;
				CURRENT_PROJECT_VERSION = 2;
				DEVELOPMENT_TEAM = GB62JTZ689;
				INFOPLIST_FILE = GameFi/Info.plist;
				IPHONEOS_DEPLOYMENT_TARGET = 11.0;
				LD_RUNPATH_SEARCH_PATHS = (
					"$(inherited)",
					"@executable_path/Frameworks",
				);
				MARKETING_VERSION = 1.0.1;
				PRODUCT_BUNDLE_IDENTIFIER = com.enlighten.CryptoNinja;
				PRODUCT_NAME = "$(TARGET_NAME)";
				PROVISIONING_PROFILE_SPECIFIER = hocNew;
				SWIFT_OBJC_BRIDGING_HEADER = "GameFi/General/GameFi-Bridging-Header.h";
				SWIFT_VERSION = 5.0;
				TARGETED_DEVICE_FAMILY = 1;
			};
			name = Release;
		};
/* End XCBuildConfiguration section */

/* Begin XCConfigurationList section */
		9811EA0E2726BB2700B0ACF0 /* Build configuration list for PBXProject "GameFi" */ = {
			isa = XCConfigurationList;
			buildConfigurations = (
				9811EA252726BB2800B0ACF0 /* Debug */,
				9811EA262726BB2800B0ACF0 /* Release */,
			);
			defaultConfigurationIsVisible = 0;
			defaultConfigurationName = Release;
		};
		9811EA272726BB2800B0ACF0 /* Build configuration list for PBXNativeTarget "GameFi" */ = {
			isa = XCConfigurationList;
			buildConfigurations = (
				9811EA282726BB2800B0ACF0 /* Debug */,
				9811EA292726BB2800B0ACF0 /* Release */,
			);
			defaultConfigurationIsVisible = 0;
			defaultConfigurationName = Release;
		};
/* End XCConfigurationList section */
	};
	rootObject = 9811EA0B2726BB2700B0ACF0 /* Project object */;
}
